// !$*UTF8*$!
{
	archiveVersion = 1;
	classes = {
	};
	objectVersion = 56;
	objects = {

/* Begin PBXBuildFile section */
		104C74542A7799D3002F486A /* AppDelegate.swift in Sources */ = {isa = PBXBuildFile; fileRef = 104C74532A7799D3002F486A /* AppDelegate.swift */; };
		104C74562A7799D3002F486A /* SceneDelegate.swift in Sources */ = {isa = PBXBuildFile; fileRef = 104C74552A7799D3002F486A /* SceneDelegate.swift */; };
		104C74582A7799D3002F486A /* SearchViewController.swift in Sources */ = {isa = PBXBuildFile; fileRef = 104C74572A7799D3002F486A /* SearchViewController.swift */; };
		104C745B2A7799D3002F486A /* Main.storyboard in Resources */ = {isa = PBXBuildFile; fileRef = 104C74592A7799D3002F486A /* Main.storyboard */; };
		104C745D2A7799D5002F486A /* Assets.xcassets in Resources */ = {isa = PBXBuildFile; fileRef = 104C745C2A7799D5002F486A /* Assets.xcassets */; };
		104C74602A7799D5002F486A /* LaunchScreen.storyboard in Resources */ = {isa = PBXBuildFile; fileRef = 104C745E2A7799D5002F486A /* LaunchScreen.storyboard */; };
		104C746D2A779A98002F486A /* BookWarmCell.swift in Sources */ = {isa = PBXBuildFile; fileRef = 104C746B2A779A98002F486A /* BookWarmCell.swift */; };
		104C746E2A779A98002F486A /* BookWarmCell.xib in Resources */ = {isa = PBXBuildFile; fileRef = 104C746C2A779A98002F486A /* BookWarmCell.xib */; };
		104C74702A779AB5002F486A /* BookWarmCollectionViewController.swift in Sources */ = {isa = PBXBuildFile; fileRef = 104C746F2A779AB5002F486A /* BookWarmCollectionViewController.swift */; };
		104C74722A779B09002F486A /* DetailViewController.swift in Sources */ = {isa = PBXBuildFile; fileRef = 104C74712A779B09002F486A /* DetailViewController.swift */; };
		104C74902A790EE2002F486A /* MovieInfo.swift in Sources */ = {isa = PBXBuildFile; fileRef = 104C748F2A790EE2002F486A /* MovieInfo.swift */; };
		104C749A2A790FB7002F486A /* Movie.swift in Sources */ = {isa = PBXBuildFile; fileRef = 104C74992A790FB7002F486A /* Movie.swift */; };
		104C74A02A7A2C98002F486A /* BrowseViewController.swift in Sources */ = {isa = PBXBuildFile; fileRef = 104C749F2A7A2C98002F486A /* BrowseViewController.swift */; };
		104C74A32A7A2E6D002F486A /* BrowseTableViewCell.swift in Sources */ = {isa = PBXBuildFile; fileRef = 104C74A12A7A2E6D002F486A /* BrowseTableViewCell.swift */; };
		104C74A42A7A2E6D002F486A /* BrowseTableViewCell.xib in Resources */ = {isa = PBXBuildFile; fileRef = 104C74A22A7A2E6D002F486A /* BrowseTableViewCell.xib */; };
		104C74A72A7A2E80002F486A /* BrowseCollectionViewCell.swift in Sources */ = {isa = PBXBuildFile; fileRef = 104C74A52A7A2E80002F486A /* BrowseCollectionViewCell.swift */; };
		104C74A82A7A2E80002F486A /* BrowseCollectionViewCell.xib in Resources */ = {isa = PBXBuildFile; fileRef = 104C74A62A7A2E80002F486A /* BrowseCollectionViewCell.xib */; };
		104C74AB2A7A39B4002F486A /* UIView+.swift in Sources */ = {isa = PBXBuildFile; fileRef = 104C74AA2A7A39B4002F486A /* UIView+.swift */; };
		108212DB2A7C8B8B00695F75 /* FirstViewController.swift in Sources */ = {isa = PBXBuildFile; fileRef = 108212DA2A7C8B8B00695F75 /* FirstViewController.swift */; };
		10C9B6282A7BB13800026EE0 /* UIVIewController+.swift in Sources */ = {isa = PBXBuildFile; fileRef = 10C9B6272A7BB13800026EE0 /* UIVIewController+.swift */; };
/* End PBXBuildFile section */

/* Begin PBXFileReference section */
		104C74502A7799D3002F486A /* BOOKWARM.app */ = {isa = PBXFileReference; explicitFileType = wrapper.application; includeInIndex = 0; path = BOOKWARM.app; sourceTree = BUILT_PRODUCTS_DIR; };
		104C74532A7799D3002F486A /* AppDelegate.swift */ = {isa = PBXFileReference; lastKnownFileType = sourcecode.swift; path = AppDelegate.swift; sourceTree = "<group>"; };
		104C74552A7799D3002F486A /* SceneDelegate.swift */ = {isa = PBXFileReference; lastKnownFileType = sourcecode.swift; path = SceneDelegate.swift; sourceTree = "<group>"; };
		104C74572A7799D3002F486A /* SearchViewController.swift */ = {isa = PBXFileReference; lastKnownFileType = sourcecode.swift; path = SearchViewController.swift; sourceTree = "<group>"; };
		104C745A2A7799D3002F486A /* Base */ = {isa = PBXFileReference; lastKnownFileType = file.storyboard; name = Base; path = Base.lproj/Main.storyboard; sourceTree = "<group>"; };
		104C745C2A7799D5002F486A /* Assets.xcassets */ = {isa = PBXFileReference; lastKnownFileType = folder.assetcatalog; path = Assets.xcassets; sourceTree = "<group>"; };
		104C745F2A7799D5002F486A /* Base */ = {isa = PBXFileReference; lastKnownFileType = file.storyboard; name = Base; path = Base.lproj/LaunchScreen.storyboard; sourceTree = "<group>"; };
		104C74612A7799D5002F486A /* Info.plist */ = {isa = PBXFileReference; lastKnownFileType = text.plist.xml; path = Info.plist; sourceTree = "<group>"; };
		104C746B2A779A98002F486A /* BookWarmCell.swift */ = {isa = PBXFileReference; lastKnownFileType = sourcecode.swift; name = BookWarmCell.swift; path = BOOKWARM/ViewControllers/BookWarmCell.swift; sourceTree = SOURCE_ROOT; };
		104C746C2A779A98002F486A /* BookWarmCell.xib */ = {isa = PBXFileReference; lastKnownFileType = file.xib; name = BookWarmCell.xib; path = BOOKWARM/ViewControllers/BookWarmCell.xib; sourceTree = SOURCE_ROOT; };
		104C746F2A779AB5002F486A /* BookWarmCollectionViewController.swift */ = {isa = PBXFileReference; lastKnownFileType = sourcecode.swift; path = BookWarmCollectionViewController.swift; sourceTree = "<group>"; };
		104C74712A779B09002F486A /* DetailViewController.swift */ = {isa = PBXFileReference; lastKnownFileType = sourcecode.swift; path = DetailViewController.swift; sourceTree = "<group>"; };
		104C748F2A790EE2002F486A /* MovieInfo.swift */ = {isa = PBXFileReference; fileEncoding = 4; lastKnownFileType = sourcecode.swift; path = MovieInfo.swift; sourceTree = "<group>"; };
		104C74992A790FB7002F486A /* Movie.swift */ = {isa = PBXFileReference; fileEncoding = 4; lastKnownFileType = sourcecode.swift; path = Movie.swift; sourceTree = "<group>"; };
		104C749F2A7A2C98002F486A /* BrowseViewController.swift */ = {isa = PBXFileReference; lastKnownFileType = sourcecode.swift; path = BrowseViewController.swift; sourceTree = "<group>"; };
		104C74A12A7A2E6D002F486A /* BrowseTableViewCell.swift */ = {isa = PBXFileReference; lastKnownFileType = sourcecode.swift; path = BrowseTableViewCell.swift; sourceTree = "<group>"; };
		104C74A22A7A2E6D002F486A /* BrowseTableViewCell.xib */ = {isa = PBXFileReference; lastKnownFileType = file.xib; path = BrowseTableViewCell.xib; sourceTree = "<group>"; };
		104C74A52A7A2E80002F486A /* BrowseCollectionViewCell.swift */ = {isa = PBXFileReference; lastKnownFileType = sourcecode.swift; path = BrowseCollectionViewCell.swift; sourceTree = "<group>"; };
		104C74A62A7A2E80002F486A /* BrowseCollectionViewCell.xib */ = {isa = PBXFileReference; lastKnownFileType = file.xib; path = BrowseCollectionViewCell.xib; sourceTree = "<group>"; };
		104C74AA2A7A39B4002F486A /* UIView+.swift */ = {isa = PBXFileReference; lastKnownFileType = sourcecode.swift; path = "UIView+.swift"; sourceTree = "<group>"; };
		108212DA2A7C8B8B00695F75 /* FirstViewController.swift */ = {isa = PBXFileReference; lastKnownFileType = sourcecode.swift; path = FirstViewController.swift; sourceTree = "<group>"; };
		10C9B6272A7BB13800026EE0 /* UIVIewController+.swift */ = {isa = PBXFileReference; lastKnownFileType = sourcecode.swift; path = "UIVIewController+.swift"; sourceTree = "<group>"; };
/* End PBXFileReference section */

/* Begin PBXFrameworksBuildPhase section */
		104C744D2A7799D3002F486A /* Frameworks */ = {
			isa = PBXFrameworksBuildPhase;
			buildActionMask = 2147483647;
			files = (
			);
			runOnlyForDeploymentPostprocessing = 0;
		};
/* End PBXFrameworksBuildPhase section */

/* Begin PBXGroup section */
		104C74472A7799D3002F486A = {
			isa = PBXGroup;
			children = (
				104C74522A7799D3002F486A /* BOOKWARM */,
				104C74512A7799D3002F486A /* Products */,
			);
			sourceTree = "<group>";
		};
		104C74512A7799D3002F486A /* Products */ = {
			isa = PBXGroup;
			children = (
				104C74502A7799D3002F486A /* BOOKWARM.app */,
			);
			name = Products;
			sourceTree = "<group>";
		};
		104C74522A7799D3002F486A /* BOOKWARM */ = {
			isa = PBXGroup;
			children = (
				104C74732A779F44002F486A /* Structs */,
				104C746A2A779A1F002F486A /* Extensions */,
				104C74692A779A1A002F486A /* Cells */,
				104C74682A779A11002F486A /* ViewControllers */,
				104C74672A779A07002F486A /* Storyboards */,
				104C74532A7799D3002F486A /* AppDelegate.swift */,
				104C74552A7799D3002F486A /* SceneDelegate.swift */,
				104C745C2A7799D5002F486A /* Assets.xcassets */,
				104C745E2A7799D5002F486A /* LaunchScreen.storyboard */,
				104C74612A7799D5002F486A /* Info.plist */,
			);
			path = BOOKWARM;
			sourceTree = "<group>";
		};
		104C74672A779A07002F486A /* Storyboards */ = {
			isa = PBXGroup;
			children = (
				104C74592A7799D3002F486A /* Main.storyboard */,
			);
			path = Storyboards;
			sourceTree = "<group>";
		};
		104C74682A779A11002F486A /* ViewControllers */ = {
			isa = PBXGroup;
			children = (
				104C746F2A779AB5002F486A /* BookWarmCollectionViewController.swift */,
				104C74572A7799D3002F486A /* SearchViewController.swift */,
				104C74712A779B09002F486A /* DetailViewController.swift */,
				104C749F2A7A2C98002F486A /* BrowseViewController.swift */,
				108212DA2A7C8B8B00695F75 /* FirstViewController.swift */,
			);
			path = ViewControllers;
			sourceTree = "<group>";
		};
		104C74692A779A1A002F486A /* Cells */ = {
			isa = PBXGroup;
			children = (
				104C746B2A779A98002F486A /* BookWarmCell.swift */,
				104C746C2A779A98002F486A /* BookWarmCell.xib */,
				104C74A12A7A2E6D002F486A /* BrowseTableViewCell.swift */,
				104C74A22A7A2E6D002F486A /* BrowseTableViewCell.xib */,
				104C74A52A7A2E80002F486A /* BrowseCollectionViewCell.swift */,
				104C74A62A7A2E80002F486A /* BrowseCollectionViewCell.xib */,
			);
			path = Cells;
			sourceTree = "<group>";
		};
		104C746A2A779A1F002F486A /* Extensions */ = {
			isa = PBXGroup;
			children = (
				104C74AA2A7A39B4002F486A /* UIView+.swift */,
				10C9B6272A7BB13800026EE0 /* UIVIewController+.swift */,
			);
			path = Extensions;
			sourceTree = "<group>";
		};
		104C74732A779F44002F486A /* Structs */ = {
			isa = PBXGroup;
			children = (
				104C74992A790FB7002F486A /* Movie.swift */,
				104C748F2A790EE2002F486A /* MovieInfo.swift */,
			);
			path = Structs;
			sourceTree = "<group>";
		};
/* End PBXGroup section */

/* Begin PBXNativeTarget section */
		104C744F2A7799D3002F486A /* BOOKWARM */ = {
			isa = PBXNativeTarget;
			buildConfigurationList = 104C74642A7799D5002F486A /* Build configuration list for PBXNativeTarget "BOOKWARM" */;
			buildPhases = (
				104C744C2A7799D3002F486A /* Sources */,
				104C744D2A7799D3002F486A /* Frameworks */,
				104C744E2A7799D3002F486A /* Resources */,
			);
			buildRules = (
			);
			dependencies = (
			);
			name = BOOKWARM;
			productName = BOOKWARM;
			productReference = 104C74502A7799D3002F486A /* BOOKWARM.app */;
			productType = "com.apple.product-type.application";
		};
/* End PBXNativeTarget section */

/* Begin PBXProject section */
		104C74482A7799D3002F486A /* Project object */ = {
			isa = PBXProject;
			attributes = {
				BuildIndependentTargetsInParallel = 1;
				LastSwiftUpdateCheck = 1430;
				LastUpgradeCheck = 1430;
				TargetAttributes = {
					104C744F2A7799D3002F486A = {
						CreatedOnToolsVersion = 14.3;
					};
				};
			};
			buildConfigurationList = 104C744B2A7799D3002F486A /* Build configuration list for PBXProject "BOOKWARM" */;
			compatibilityVersion = "Xcode 14.0";
			developmentRegion = en;
			hasScannedForEncodings = 0;
			knownRegions = (
				en,
				Base,
			);
			mainGroup = 104C74472A7799D3002F486A;
			productRefGroup = 104C74512A7799D3002F486A /* Products */;
			projectDirPath = "";
			projectRoot = "";
			targets = (
				104C744F2A7799D3002F486A /* BOOKWARM */,
			);
		};
/* End PBXProject section */

/* Begin PBXResourcesBuildPhase section */
		104C744E2A7799D3002F486A /* Resources */ = {
			isa = PBXResourcesBuildPhase;
			buildActionMask = 2147483647;
			files = (
				104C74A42A7A2E6D002F486A /* BrowseTableViewCell.xib in Resources */,
				104C74602A7799D5002F486A /* LaunchScreen.storyboard in Resources */,
				104C74A82A7A2E80002F486A /* BrowseCollectionViewCell.xib in Resources */,
				104C745D2A7799D5002F486A /* Assets.xcassets in Resources */,
				104C745B2A7799D3002F486A /* Main.storyboard in Resources */,
				104C746E2A779A98002F486A /* BookWarmCell.xib in Resources */,
			);
			runOnlyForDeploymentPostprocessing = 0;
		};
/* End PBXResourcesBuildPhase section */

/* Begin PBXSourcesBuildPhase section */
		104C744C2A7799D3002F486A /* Sources */ = {
			isa = PBXSourcesBuildPhase;
			buildActionMask = 2147483647;
			files = (
				104C74AB2A7A39B4002F486A /* UIView+.swift in Sources */,
				10C9B6282A7BB13800026EE0 /* UIVIewController+.swift in Sources */,
				104C74902A790EE2002F486A /* MovieInfo.swift in Sources */,
				104C74582A7799D3002F486A /* SearchViewController.swift in Sources */,
				104C74702A779AB5002F486A /* BookWarmCollectionViewController.swift in Sources */,
				104C74A72A7A2E80002F486A /* BrowseCollectionViewCell.swift in Sources */,
				104C74542A7799D3002F486A /* AppDelegate.swift in Sources */,
				104C74722A779B09002F486A /* DetailViewController.swift in Sources */,
				104C74A32A7A2E6D002F486A /* BrowseTableViewCell.swift in Sources */,
				104C74562A7799D3002F486A /* SceneDelegate.swift in Sources */,
				104C74A02A7A2C98002F486A /* BrowseViewController.swift in Sources */,
				104C749A2A790FB7002F486A /* Movie.swift in Sources */,
				104C746D2A779A98002F486A /* BookWarmCell.swift in Sources */,
				108212DB2A7C8B8B00695F75 /* FirstViewController.swift in Sources */,
			);
			runOnlyForDeploymentPostprocessing = 0;
		};
/* End PBXSourcesBuildPhase section */

/* Begin PBXVariantGroup section */
		104C74592A7799D3002F486A /* Main.storyboard */ = {
			isa = PBXVariantGroup;
			children = (
				104C745A2A7799D3002F486A /* Base */,
			);
			name = Main.storyboard;
			sourceTree = "<group>";
		};
		104C745E2A7799D5002F486A /* LaunchScreen.storyboard */ = {
			isa = PBXVariantGroup;
			children = (
				104C745F2A7799D5002F486A /* Base */,
			);
			name = LaunchScreen.storyboard;
			sourceTree = "<group>";
		};
/* End PBXVariantGroup section */

/* Begin XCBuildConfiguration section */
		104C74622A7799D5002F486A /* Debug */ = {
			isa = XCBuildConfiguration;
			buildSettings = {
				ALWAYS_SEARCH_USER_PATHS = NO;
				CLANG_ANALYZER_NONNULL = YES;
				CLANG_ANALYZER_NUMBER_OBJECT_CONVERSION = YES_AGGRESSIVE;
				CLANG_CXX_LANGUAGE_STANDARD = "gnu++20";
				CLANG_ENABLE_MODULES = YES;
				CLANG_ENABLE_OBJC_ARC = YES;
				CLANG_ENABLE_OBJC_WEAK = YES;
				CLANG_WARN_BLOCK_CAPTURE_AUTORELEASING = YES;
				CLANG_WARN_BOOL_CONVERSION = YES;
				CLANG_WARN_COMMA = YES;
				CLANG_WARN_CONSTANT_CONVERSION = YES;
				CLANG_WARN_DEPRECATED_OBJC_IMPLEMENTATIONS = YES;
				CLANG_WARN_DIRECT_OBJC_ISA_USAGE = YES_ERROR;
				CLANG_WARN_DOCUMENTATION_COMMENTS = YES;
				CLANG_WARN_EMPTY_BODY = YES;
				CLANG_WARN_ENUM_CONVERSION = YES;
				CLANG_WARN_INFINITE_RECURSION = YES;
				CLANG_WARN_INT_CONVERSION = YES;
				CLANG_WARN_NON_LITERAL_NULL_CONVERSION = YES;
				CLANG_WARN_OBJC_IMPLICIT_RETAIN_SELF = YES;
				CLANG_WARN_OBJC_LITERAL_CONVERSION = YES;
				CLANG_WARN_OBJC_ROOT_CLASS = YES_ERROR;
				CLANG_WARN_QUOTED_INCLUDE_IN_FRAMEWORK_HEADER = YES;
				CLANG_WARN_RANGE_LOOP_ANALYSIS = YES;
				CLANG_WARN_STRICT_PROTOTYPES = YES;
				CLANG_WARN_SUSPICIOUS_MOVE = YES;
				CLANG_WARN_UNGUARDED_AVAILABILITY = YES_AGGRESSIVE;
				CLANG_WARN_UNREACHABLE_CODE = YES;
				CLANG_WARN__DUPLICATE_METHOD_MATCH = YES;
				COPY_PHASE_STRIP = NO;
				DEBUG_INFORMATION_FORMAT = dwarf;
				ENABLE_STRICT_OBJC_MSGSEND = YES;
				ENABLE_TESTABILITY = YES;
				GCC_C_LANGUAGE_STANDARD = gnu11;
				GCC_DYNAMIC_NO_PIC = NO;
				GCC_NO_COMMON_BLOCKS = YES;
				GCC_OPTIMIZATION_LEVEL = 0;
				GCC_PREPROCESSOR_DEFINITIONS = (
					"DEBUG=1",
					"$(inherited)",
				);
				GCC_WARN_64_TO_32_BIT_CONVERSION = YES;
				GCC_WARN_ABOUT_RETURN_TYPE = YES_ERROR;
				GCC_WARN_UNDECLARED_SELECTOR = YES;
				GCC_WARN_UNINITIALIZED_AUTOS = YES_AGGRESSIVE;
				GCC_WARN_UNUSED_FUNCTION = YES;
				GCC_WARN_UNUSED_VARIABLE = YES;
				IPHONEOS_DEPLOYMENT_TARGET = 16.4;
				MTL_ENABLE_DEBUG_INFO = INCLUDE_SOURCE;
				MTL_FAST_MATH = YES;
				ONLY_ACTIVE_ARCH = YES;
				SDKROOT = iphoneos;
				SWIFT_ACTIVE_COMPILATION_CONDITIONS = DEBUG;
				SWIFT_OPTIMIZATION_LEVEL = "-Onone";
			};
			name = Debug;
		};
		104C74632A7799D5002F486A /* Release */ = {
			isa = XCBuildConfiguration;
			buildSettings = {
				ALWAYS_SEARCH_USER_PATHS = NO;
				CLANG_ANALYZER_NONNULL = YES;
				CLANG_ANALYZER_NUMBER_OBJECT_CONVERSION = YES_AGGRESSIVE;
				CLANG_CXX_LANGUAGE_STANDARD = "gnu++20";
				CLANG_ENABLE_MODULES = YES;
				CLANG_ENABLE_OBJC_ARC = YES;
				CLANG_ENABLE_OBJC_WEAK = YES;
				CLANG_WARN_BLOCK_CAPTURE_AUTORELEASING = YES;
				CLANG_WARN_BOOL_CONVERSION = YES;
				CLANG_WARN_COMMA = YES;
				CLANG_WARN_CONSTANT_CONVERSION = YES;
				CLANG_WARN_DEPRECATED_OBJC_IMPLEMENTATIONS = YES;
				CLANG_WARN_DIRECT_OBJC_ISA_USAGE = YES_ERROR;
				CLANG_WARN_DOCUMENTATION_COMMENTS = YES;
				CLANG_WARN_EMPTY_BODY = YES;
				CLANG_WARN_ENUM_CONVERSION = YES;
				CLANG_WARN_INFINITE_RECURSION = YES;
				CLANG_WARN_INT_CONVERSION = YES;
				CLANG_WARN_NON_LITERAL_NULL_CONVERSION = YES;
				CLANG_WARN_OBJC_IMPLICIT_RETAIN_SELF = YES;
				CLANG_WARN_OBJC_LITERAL_CONVERSION = YES;
				CLANG_WARN_OBJC_ROOT_CLASS = YES_ERROR;
				CLANG_WARN_QUOTED_INCLUDE_IN_FRAMEWORK_HEADER = YES;
				CLANG_WARN_RANGE_LOOP_ANALYSIS = YES;
				CLANG_WARN_STRICT_PROTOTYPES = YES;
				CLANG_WARN_SUSPICIOUS_MOVE = YES;
				CLANG_WARN_UNGUARDED_AVAILABILITY = YES_AGGRESSIVE;
				CLANG_WARN_UNREACHABLE_CODE = YES;
				CLANG_WARN__DUPLICATE_METHOD_MATCH = YES;
				COPY_PHASE_STRIP = NO;
				DEBUG_INFORMATION_FORMAT = "dwarf-with-dsym";
				ENABLE_NS_ASSERTIONS = NO;
				ENABLE_STRICT_OBJC_MSGSEND = YES;
				GCC_C_LANGUAGE_STANDARD = gnu11;
				GCC_NO_COMMON_BLOCKS = YES;
				GCC_WARN_64_TO_32_BIT_CONVERSION = YES;
				GCC_WARN_ABOUT_RETURN_TYPE = YES_ERROR;
				GCC_WARN_UNDECLARED_SELECTOR = YES;
				GCC_WARN_UNINITIALIZED_AUTOS = YES_AGGRESSIVE;
				GCC_WARN_UNUSED_FUNCTION = YES;
				GCC_WARN_UNUSED_VARIABLE = YES;
				IPHONEOS_DEPLOYMENT_TARGET = 16.4;
				MTL_ENABLE_DEBUG_INFO = NO;
				MTL_FAST_MATH = YES;
				SDKROOT = iphoneos;
				SWIFT_COMPILATION_MODE = wholemodule;
				SWIFT_OPTIMIZATION_LEVEL = "-O";
				VALIDATE_PRODUCT = YES;
			};
			name = Release;
		};
		104C74652A7799D5002F486A /* Debug */ = {
			isa = XCBuildConfiguration;
			buildSettings = {
				ASSETCATALOG_COMPILER_APPICON_NAME = AppIcon;
				ASSETCATALOG_COMPILER_GLOBAL_ACCENT_COLOR_NAME = AccentColor;
				CODE_SIGN_STYLE = Automatic;
				CURRENT_PROJECT_VERSION = 1;
				DEVELOPMENT_TEAM = 6UJYJPDXP4;
				GENERATE_INFOPLIST_FILE = YES;
				INFOPLIST_FILE = BOOKWARM/Info.plist;
				INFOPLIST_KEY_UIApplicationSupportsIndirectInputEvents = YES;
				INFOPLIST_KEY_UILaunchStoryboardName = LaunchScreen;
				INFOPLIST_KEY_UIMainStoryboardFile = Main;
				INFOPLIST_KEY_UISupportedInterfaceOrientations_iPad = "UIInterfaceOrientationPortrait UIInterfaceOrientationPortraitUpsideDown UIInterfaceOrientationLandscapeLeft UIInterfaceOrientationLandscapeRight";
				INFOPLIST_KEY_UISupportedInterfaceOrientations_iPhone = "UIInterfaceOrientationPortrait UIInterfaceOrientationLandscapeLeft UIInterfaceOrientationLandscapeRight";
				LD_RUNPATH_SEARCH_PATHS = (
					"$(inherited)",
					"@executable_path/Frameworks",
				);
				MARKETING_VERSION = 1.0;
				PRODUCT_BUNDLE_IDENTIFIER = com.sesac.BOOKWARM;
				PRODUCT_NAME = "$(TARGET_NAME)";
				SWIFT_EMIT_LOC_STRINGS = YES;
				SWIFT_VERSION = 5.0;
				TARGETED_DEVICE_FAMILY = "1,2";
			};
			name = Debug;
		};
		104C74662A7799D5002F486A /* Release */ = {
			isa = XCBuildConfiguration;
			buildSettings = {
				ASSETCATALOG_COMPILER_APPICON_NAME = AppIcon;
				ASSETCATALOG_COMPILER_GLOBAL_ACCENT_COLOR_NAME = AccentColor;
				CODE_SIGN_STYLE = Automatic;
				CURRENT_PROJECT_VERSION = 1;
				DEVELOPMENT_TEAM = 6UJYJPDXP4;
				GENERATE_INFOPLIST_FILE = YES;
				INFOPLIST_FILE = BOOKWARM/Info.plist;
				INFOPLIST_KEY_UIApplicationSupportsIndirectInputEvents = YES;
				INFOPLIST_KEY_UILaunchStoryboardName = LaunchScreen;
				INFOPLIST_KEY_UIMainStoryboardFile = Main;
				INFOPLIST_KEY_UISupportedInterfaceOrientations_iPad = "UIInterfaceOrientationPortrait UIInterfaceOrientationPortraitUpsideDown UIInterfaceOrientationLandscapeLeft UIInterfaceOrientationLandscapeRight";
				INFOPLIST_KEY_UISupportedInterfaceOrientations_iPhone = "UIInterfaceOrientationPortrait UIInterfaceOrientationLandscapeLeft UIInterfaceOrientationLandscapeRight";
				LD_RUNPATH_SEARCH_PATHS = (
					"$(inherited)",
					"@executable_path/Frameworks",
				);
				MARKETING_VERSION = 1.0;
				PRODUCT_BUNDLE_IDENTIFIER = com.sesac.BOOKWARM;
				PRODUCT_NAME = "$(TARGET_NAME)";
				SWIFT_EMIT_LOC_STRINGS = YES;
				SWIFT_VERSION = 5.0;
				TARGETED_DEVICE_FAMILY = "1,2";
			};
			name = Release;
		};
/* End XCBuildConfiguration section */

/* Begin XCConfigurationList section */
		104C744B2A7799D3002F486A /* Build configuration list for PBXProject "BOOKWARM" */ = {
			isa = XCConfigurationList;
			buildConfigurations = (
				104C74622A7799D5002F486A /* Debug */,
				104C74632A7799D5002F486A /* Release */,
			);
			defaultConfigurationIsVisible = 0;
			defaultConfigurationName = Release;
		};
		104C74642A7799D5002F486A /* Build configuration list for PBXNativeTarget "BOOKWARM" */ = {
			isa = XCConfigurationList;
			buildConfigurations = (
				104C74652A7799D5002F486A /* Debug */,
				104C74662A7799D5002F486A /* Release */,
			);
			defaultConfigurationIsVisible = 0;
			defaultConfigurationName = Release;
		};
/* End XCConfigurationList section */
	};
	rootObject = 104C74482A7799D3002F486A /* Project object */;
}
