// !$*UTF8*$!
{
	archiveVersion = 1;
	classes = {
	};
	objectVersion = 56;
	objects = {

/* Begin PBXBuildFile section */
		10AB4AA12A94987100E1B514 /* AppDelegate.swift in Sources */ = {isa = PBXBuildFile; fileRef = 10AB4AA02A94987100E1B514 /* AppDelegate.swift */; };
		10AB4AA32A94987100E1B514 /* SceneDelegate.swift in Sources */ = {isa = PBXBuildFile; fileRef = 10AB4AA22A94987100E1B514 /* SceneDelegate.swift */; };
		10AB4AA52A94987100E1B514 /* Example1ViewController.swift in Sources */ = {isa = PBXBuildFile; fileRef = 10AB4AA42A94987100E1B514 /* Example1ViewController.swift */; };
		10AB4AA82A94987100E1B514 /* Main.storyboard in Resources */ = {isa = PBXBuildFile; fileRef = 10AB4AA62A94987100E1B514 /* Main.storyboard */; };
		10AB4AAA2A94987200E1B514 /* Assets.xcassets in Resources */ = {isa = PBXBuildFile; fileRef = 10AB4AA92A94987200E1B514 /* Assets.xcassets */; };
		10AB4AAD2A94987200E1B514 /* LaunchScreen.storyboard in Resources */ = {isa = PBXBuildFile; fileRef = 10AB4AAB2A94987200E1B514 /* LaunchScreen.storyboard */; };
		10AB4AB52A9498CB00E1B514 /* Example2ViewController.swift in Sources */ = {isa = PBXBuildFile; fileRef = 10AB4AB42A9498CB00E1B514 /* Example2ViewController.swift */; };
		10AB4AB72A9498D300E1B514 /* Example3ViewController.swift in Sources */ = {isa = PBXBuildFile; fileRef = 10AB4AB62A9498D300E1B514 /* Example3ViewController.swift */; };
		10AB4ABB2A949A0E00E1B514 /* SnapKit in Frameworks */ = {isa = PBXBuildFile; productRef = 10AB4ABA2A949A0E00E1B514 /* SnapKit */; };
		10AB4ABD2A949A2E00E1B514 /* UIView+.swift in Sources */ = {isa = PBXBuildFile; fileRef = 10AB4ABC2A949A2E00E1B514 /* UIView+.swift */; };
		10AB4ABF2A949F1B00E1B514 /* UIButton+.swift in Sources */ = {isa = PBXBuildFile; fileRef = 10AB4ABE2A949F1B00E1B514 /* UIButton+.swift */; };
/* End PBXBuildFile section */

/* Begin PBXFileReference section */
		10AB4A9D2A94987100E1B514 /* CdoeBase.app */ = {isa = PBXFileReference; explicitFileType = wrapper.application; includeInIndex = 0; path = CdoeBase.app; sourceTree = BUILT_PRODUCTS_DIR; };
		10AB4AA02A94987100E1B514 /* AppDelegate.swift */ = {isa = PBXFileReference; lastKnownFileType = sourcecode.swift; path = AppDelegate.swift; sourceTree = "<group>"; };
		10AB4AA22A94987100E1B514 /* SceneDelegate.swift */ = {isa = PBXFileReference; lastKnownFileType = sourcecode.swift; path = SceneDelegate.swift; sourceTree = "<group>"; };
		10AB4AA42A94987100E1B514 /* Example1ViewController.swift */ = {isa = PBXFileReference; lastKnownFileType = sourcecode.swift; path = Example1ViewController.swift; sourceTree = "<group>"; };
		10AB4AA72A94987100E1B514 /* Base */ = {isa = PBXFileReference; lastKnownFileType = file.storyboard; name = Base; path = Base.lproj/Main.storyboard; sourceTree = "<group>"; };
		10AB4AA92A94987200E1B514 /* Assets.xcassets */ = {isa = PBXFileReference; lastKnownFileType = folder.assetcatalog; path = Assets.xcassets; sourceTree = "<group>"; };
		10AB4AAC2A94987200E1B514 /* Base */ = {isa = PBXFileReference; lastKnownFileType = file.storyboard; name = Base; path = Base.lproj/LaunchScreen.storyboard; sourceTree = "<group>"; };
		10AB4AAE2A94987200E1B514 /* Info.plist */ = {isa = PBXFileReference; lastKnownFileType = text.plist.xml; path = Info.plist; sourceTree = "<group>"; };
		10AB4AB42A9498CB00E1B514 /* Example2ViewController.swift */ = {isa = PBXFileReference; lastKnownFileType = sourcecode.swift; path = Example2ViewController.swift; sourceTree = "<group>"; };
		10AB4AB62A9498D300E1B514 /* Example3ViewController.swift */ = {isa = PBXFileReference; lastKnownFileType = sourcecode.swift; path = Example3ViewController.swift; sourceTree = "<group>"; };
		10AB4ABC2A949A2E00E1B514 /* UIView+.swift */ = {isa = PBXFileReference; lastKnownFileType = sourcecode.swift; path = "UIView+.swift"; sourceTree = "<group>"; };
		10AB4ABE2A949F1B00E1B514 /* UIButton+.swift */ = {isa = PBXFileReference; lastKnownFileType = sourcecode.swift; path = "UIButton+.swift"; sourceTree = "<group>"; };
/* End PBXFileReference section */

/* Begin PBXFrameworksBuildPhase section */
		10AB4A9A2A94987100E1B514 /* Frameworks */ = {
			isa = PBXFrameworksBuildPhase;
			buildActionMask = 2147483647;
			files = (
				10AB4ABB2A949A0E00E1B514 /* SnapKit in Frameworks */,
			);
			runOnlyForDeploymentPostprocessing = 0;
		};
/* End PBXFrameworksBuildPhase section */

/* Begin PBXGroup section */
		10AB4A942A94987100E1B514 = {
			isa = PBXGroup;
			children = (
				10AB4A9F2A94987100E1B514 /* CdoeBase */,
				10AB4A9E2A94987100E1B514 /* Products */,
			);
			sourceTree = "<group>";
		};
		10AB4A9E2A94987100E1B514 /* Products */ = {
			isa = PBXGroup;
			children = (
				10AB4A9D2A94987100E1B514 /* CdoeBase.app */,
			);
			name = Products;
			sourceTree = "<group>";
		};
		10AB4A9F2A94987100E1B514 /* CdoeBase */ = {
			isa = PBXGroup;
			children = (
				10AB4AB82A9499F300E1B514 /* Extension */,
				10AB4AA02A94987100E1B514 /* AppDelegate.swift */,
				10AB4AA22A94987100E1B514 /* SceneDelegate.swift */,
				10AB4AA42A94987100E1B514 /* Example1ViewController.swift */,
				10AB4AB42A9498CB00E1B514 /* Example2ViewController.swift */,
				10AB4AB62A9498D300E1B514 /* Example3ViewController.swift */,
				10AB4AA62A94987100E1B514 /* Main.storyboard */,
				10AB4AA92A94987200E1B514 /* Assets.xcassets */,
				10AB4AAB2A94987200E1B514 /* LaunchScreen.storyboard */,
				10AB4AAE2A94987200E1B514 /* Info.plist */,
			);
			path = CdoeBase;
			sourceTree = "<group>";
		};
		10AB4AB82A9499F300E1B514 /* Extension */ = {
			isa = PBXGroup;
			children = (
				10AB4ABC2A949A2E00E1B514 /* UIView+.swift */,
				10AB4ABE2A949F1B00E1B514 /* UIButton+.swift */,
			);
			path = Extension;
			sourceTree = "<group>";
		};
/* End PBXGroup section */

/* Begin PBXNativeTarget section */
		10AB4A9C2A94987100E1B514 /* CdoeBase */ = {
			isa = PBXNativeTarget;
			buildConfigurationList = 10AB4AB12A94987200E1B514 /* Build configuration list for PBXNativeTarget "CdoeBase" */;
			buildPhases = (
				10AB4A992A94987100E1B514 /* Sources */,
				10AB4A9A2A94987100E1B514 /* Frameworks */,
				10AB4A9B2A94987100E1B514 /* Resources */,
			);
			buildRules = (
			);
			dependencies = (
			);
			name = CdoeBase;
			packageProductDependencies = (
				10AB4ABA2A949A0E00E1B514 /* SnapKit */,
			);
			productName = CdoeBase;
			productReference = 10AB4A9D2A94987100E1B514 /* CdoeBase.app */;
			productType = "com.apple.product-type.application";
		};
/* End PBXNativeTarget section */

/* Begin PBXProject section */
		10AB4A952A94987100E1B514 /* Project object */ = {
			isa = PBXProject;
			attributes = {
				BuildIndependentTargetsInParallel = 1;
				LastSwiftUpdateCheck = 1430;
				LastUpgradeCheck = 1430;
				TargetAttributes = {
					10AB4A9C2A94987100E1B514 = {
						CreatedOnToolsVersion = 14.3;
					};
				};
			};
			buildConfigurationList = 10AB4A982A94987100E1B514 /* Build configuration list for PBXProject "CdoeBase" */;
			compatibilityVersion = "Xcode 14.0";
			developmentRegion = en;
			hasScannedForEncodings = 0;
			knownRegions = (
				en,
				Base,
			);
			mainGroup = 10AB4A942A94987100E1B514;
			packageReferences = (
				10AB4AB92A949A0E00E1B514 /* XCRemoteSwiftPackageReference "SnapKit" */,
			);
			productRefGroup = 10AB4A9E2A94987100E1B514 /* Products */;
			projectDirPath = "";
			projectRoot = "";
			targets = (
				10AB4A9C2A94987100E1B514 /* CdoeBase */,
			);
		};
/* End PBXProject section */

/* Begin PBXResourcesBuildPhase section */
		10AB4A9B2A94987100E1B514 /* Resources */ = {
			isa = PBXResourcesBuildPhase;
			buildActionMask = 2147483647;
			files = (
				10AB4AAD2A94987200E1B514 /* LaunchScreen.storyboard in Resources */,
				10AB4AAA2A94987200E1B514 /* Assets.xcassets in Resources */,
				10AB4AA82A94987100E1B514 /* Main.storyboard in Resources */,
			);
			runOnlyForDeploymentPostprocessing = 0;
		};
/* End PBXResourcesBuildPhase section */

/* Begin PBXSourcesBuildPhase section */
		10AB4A992A94987100E1B514 /* Sources */ = {
			isa = PBXSourcesBuildPhase;
			buildActionMask = 2147483647;
			files = (
				10AB4ABD2A949A2E00E1B514 /* UIView+.swift in Sources */,
				10AB4ABF2A949F1B00E1B514 /* UIButton+.swift in Sources */,
				10AB4AB52A9498CB00E1B514 /* Example2ViewController.swift in Sources */,
				10AB4AA52A94987100E1B514 /* Example1ViewController.swift in Sources */,
				10AB4AB72A9498D300E1B514 /* Example3ViewController.swift in Sources */,
				10AB4AA12A94987100E1B514 /* AppDelegate.swift in Sources */,
				10AB4AA32A94987100E1B514 /* SceneDelegate.swift in Sources */,
			);
			runOnlyForDeploymentPostprocessing = 0;
		};
/* End PBXSourcesBuildPhase section */

/* Begin PBXVariantGroup section */
		10AB4AA62A94987100E1B514 /* Main.storyboard */ = {
			isa = PBXVariantGroup;
			children = (
				10AB4AA72A94987100E1B514 /* Base */,
			);
			name = Main.storyboard;
			sourceTree = "<group>";
		};
		10AB4AAB2A94987200E1B514 /* LaunchScreen.storyboard */ = {
			isa = PBXVariantGroup;
			children = (
				10AB4AAC2A94987200E1B514 /* Base */,
			);
			name = LaunchScreen.storyboard;
			sourceTree = "<group>";
		};
/* End PBXVariantGroup section */

/* Begin XCBuildConfiguration section */
		10AB4AAF2A94987200E1B514 /* Debug */ = {
			isa = XCBuildConfiguration;
			buildSettings = {
				ALWAYS_SEARCH_USER_PATHS = NO;
				CLANG_ANALYZER_NONNULL = YES;
				CLANG_ANALYZER_NUMBER_OBJECT_CONVERSION = YES_AGGRESSIVE;
				CLANG_CXX_LANGUAGE_STANDARD = "gnu++20";
				CLANG_ENABLE_MODULES = YES;
				CLANG_ENABLE_OBJC_ARC = YES;
				CLANG_ENABLE_OBJC_WEAK = YES;
				CLANG_WARN_BLOCK_CAPTURE_AUTORELEASING = YES;
				CLANG_WARN_BOOL_CONVERSION = YES;
				CLANG_WARN_COMMA = YES;
				CLANG_WARN_CONSTANT_CONVERSION = YES;
				CLANG_WARN_DEPRECATED_OBJC_IMPLEMENTATIONS = YES;
				CLANG_WARN_DIRECT_OBJC_ISA_USAGE = YES_ERROR;
				CLANG_WARN_DOCUMENTATION_COMMENTS = YES;
				CLANG_WARN_EMPTY_BODY = YES;
				CLANG_WARN_ENUM_CONVERSION = YES;
				CLANG_WARN_INFINITE_RECURSION = YES;
				CLANG_WARN_INT_CONVERSION = YES;
				CLANG_WARN_NON_LITERAL_NULL_CONVERSION = YES;
				CLANG_WARN_OBJC_IMPLICIT_RETAIN_SELF = YES;
				CLANG_WARN_OBJC_LITERAL_CONVERSION = YES;
				CLANG_WARN_OBJC_ROOT_CLASS = YES_ERROR;
				CLANG_WARN_QUOTED_INCLUDE_IN_FRAMEWORK_HEADER = YES;
				CLANG_WARN_RANGE_LOOP_ANALYSIS = YES;
				CLANG_WARN_STRICT_PROTOTYPES = YES;
				CLANG_WARN_SUSPICIOUS_MOVE = YES;
				CLANG_WARN_UNGUARDED_AVAILABILITY = YES_AGGRESSIVE;
				CLANG_WARN_UNREACHABLE_CODE = YES;
				CLANG_WARN__DUPLICATE_METHOD_MATCH = YES;
				COPY_PHASE_STRIP = NO;
				DEBUG_INFORMATION_FORMAT = dwarf;
				ENABLE_STRICT_OBJC_MSGSEND = YES;
				ENABLE_TESTABILITY = YES;
				GCC_C_LANGUAGE_STANDARD = gnu11;
				GCC_DYNAMIC_NO_PIC = NO;
				GCC_NO_COMMON_BLOCKS = YES;
				GCC_OPTIMIZATION_LEVEL = 0;
				GCC_PREPROCESSOR_DEFINITIONS = (
					"DEBUG=1",
					"$(inherited)",
				);
				GCC_WARN_64_TO_32_BIT_CONVERSION = YES;
				GCC_WARN_ABOUT_RETURN_TYPE = YES_ERROR;
				GCC_WARN_UNDECLARED_SELECTOR = YES;
				GCC_WARN_UNINITIALIZED_AUTOS = YES_AGGRESSIVE;
				GCC_WARN_UNUSED_FUNCTION = YES;
				GCC_WARN_UNUSED_VARIABLE = YES;
				IPHONEOS_DEPLOYMENT_TARGET = 16.4;
				MTL_ENABLE_DEBUG_INFO = INCLUDE_SOURCE;
				MTL_FAST_MATH = YES;
				ONLY_ACTIVE_ARCH = YES;
				SDKROOT = iphoneos;
				SWIFT_ACTIVE_COMPILATION_CONDITIONS = DEBUG;
				SWIFT_OPTIMIZATION_LEVEL = "-Onone";
			};
			name = Debug;
		};
		10AB4AB02A94987200E1B514 /* Release */ = {
			isa = XCBuildConfiguration;
			buildSettings = {
				ALWAYS_SEARCH_USER_PATHS = NO;
				CLANG_ANALYZER_NONNULL = YES;
				CLANG_ANALYZER_NUMBER_OBJECT_CONVERSION = YES_AGGRESSIVE;
				CLANG_CXX_LANGUAGE_STANDARD = "gnu++20";
				CLANG_ENABLE_MODULES = YES;
				CLANG_ENABLE_OBJC_ARC = YES;
				CLANG_ENABLE_OBJC_WEAK = YES;
				CLANG_WARN_BLOCK_CAPTURE_AUTORELEASING = YES;
				CLANG_WARN_BOOL_CONVERSION = YES;
				CLANG_WARN_COMMA = YES;
				CLANG_WARN_CONSTANT_CONVERSION = YES;
				CLANG_WARN_DEPRECATED_OBJC_IMPLEMENTATIONS = YES;
				CLANG_WARN_DIRECT_OBJC_ISA_USAGE = YES_ERROR;
				CLANG_WARN_DOCUMENTATION_COMMENTS = YES;
				CLANG_WARN_EMPTY_BODY = YES;
				CLANG_WARN_ENUM_CONVERSION = YES;
				CLANG_WARN_INFINITE_RECURSION = YES;
				CLANG_WARN_INT_CONVERSION = YES;
				CLANG_WARN_NON_LITERAL_NULL_CONVERSION = YES;
				CLANG_WARN_OBJC_IMPLICIT_RETAIN_SELF = YES;
				CLANG_WARN_OBJC_LITERAL_CONVERSION = YES;
				CLANG_WARN_OBJC_ROOT_CLASS = YES_ERROR;
				CLANG_WARN_QUOTED_INCLUDE_IN_FRAMEWORK_HEADER = YES;
				CLANG_WARN_RANGE_LOOP_ANALYSIS = YES;
				CLANG_WARN_STRICT_PROTOTYPES = YES;
				CLANG_WARN_SUSPICIOUS_MOVE = YES;
				CLANG_WARN_UNGUARDED_AVAILABILITY = YES_AGGRESSIVE;
				CLANG_WARN_UNREACHABLE_CODE = YES;
				CLANG_WARN__DUPLICATE_METHOD_MATCH = YES;
				COPY_PHASE_STRIP = NO;
				DEBUG_INFORMATION_FORMAT = "dwarf-with-dsym";
				ENABLE_NS_ASSERTIONS = NO;
				ENABLE_STRICT_OBJC_MSGSEND = YES;
				GCC_C_LANGUAGE_STANDARD = gnu11;
				GCC_NO_COMMON_BLOCKS = YES;
				GCC_WARN_64_TO_32_BIT_CONVERSION = YES;
				GCC_WARN_ABOUT_RETURN_TYPE = YES_ERROR;
				GCC_WARN_UNDECLARED_SELECTOR = YES;
				GCC_WARN_UNINITIALIZED_AUTOS = YES_AGGRESSIVE;
				GCC_WARN_UNUSED_FUNCTION = YES;
				GCC_WARN_UNUSED_VARIABLE = YES;
				IPHONEOS_DEPLOYMENT_TARGET = 16.4;
				MTL_ENABLE_DEBUG_INFO = NO;
				MTL_FAST_MATH = YES;
				SDKROOT = iphoneos;
				SWIFT_COMPILATION_MODE = wholemodule;
				SWIFT_OPTIMIZATION_LEVEL = "-O";
				VALIDATE_PRODUCT = YES;
			};
			name = Release;
		};
		10AB4AB22A94987200E1B514 /* Debug */ = {
			isa = XCBuildConfiguration;
			buildSettings = {
				ASSETCATALOG_COMPILER_APPICON_NAME = AppIcon;
				ASSETCATALOG_COMPILER_GLOBAL_ACCENT_COLOR_NAME = AccentColor;
				CODE_SIGN_STYLE = Automatic;
				CURRENT_PROJECT_VERSION = 1;
				DEVELOPMENT_TEAM = 6UJYJPDXP4;
				GENERATE_INFOPLIST_FILE = YES;
				INFOPLIST_FILE = CdoeBase/Info.plist;
				INFOPLIST_KEY_UIApplicationSupportsIndirectInputEvents = YES;
				INFOPLIST_KEY_UILaunchStoryboardName = LaunchScreen;
				INFOPLIST_KEY_UIMainStoryboardFile = Main;
				INFOPLIST_KEY_UISupportedInterfaceOrientations_iPad = "UIInterfaceOrientationPortrait UIInterfaceOrientationPortraitUpsideDown UIInterfaceOrientationLandscapeLeft UIInterfaceOrientationLandscapeRight";
				INFOPLIST_KEY_UISupportedInterfaceOrientations_iPhone = "UIInterfaceOrientationPortrait UIInterfaceOrientationLandscapeLeft UIInterfaceOrientationLandscapeRight";
				LD_RUNPATH_SEARCH_PATHS = (
					"$(inherited)",
					"@executable_path/Frameworks",
				);
				MARKETING_VERSION = 1.0;
				PRODUCT_BUNDLE_IDENTIFIER = com.sesac.CdoeBase;
				PRODUCT_NAME = "$(TARGET_NAME)";
				SWIFT_EMIT_LOC_STRINGS = YES;
				SWIFT_VERSION = 5.0;
				TARGETED_DEVICE_FAMILY = "1,2";
			};
			name = Debug;
		};
		10AB4AB32A94987200E1B514 /* Release */ = {
			isa = XCBuildConfiguration;
			buildSettings = {
				ASSETCATALOG_COMPILER_APPICON_NAME = AppIcon;
				ASSETCATALOG_COMPILER_GLOBAL_ACCENT_COLOR_NAME = AccentColor;
				CODE_SIGN_STYLE = Automatic;
				CURRENT_PROJECT_VERSION = 1;
				DEVELOPMENT_TEAM = 6UJYJPDXP4;
				GENERATE_INFOPLIST_FILE = YES;
				INFOPLIST_FILE = CdoeBase/Info.plist;
				INFOPLIST_KEY_UIApplicationSupportsIndirectInputEvents = YES;
				INFOPLIST_KEY_UILaunchStoryboardName = LaunchScreen;
				INFOPLIST_KEY_UIMainStoryboardFile = Main;
				INFOPLIST_KEY_UISupportedInterfaceOrientations_iPad = "UIInterfaceOrientationPortrait UIInterfaceOrientationPortraitUpsideDown UIInterfaceOrientationLandscapeLeft UIInterfaceOrientationLandscapeRight";
				INFOPLIST_KEY_UISupportedInterfaceOrientations_iPhone = "UIInterfaceOrientationPortrait UIInterfaceOrientationLandscapeLeft UIInterfaceOrientationLandscapeRight";
				LD_RUNPATH_SEARCH_PATHS = (
					"$(inherited)",
					"@executable_path/Frameworks",
				);
				MARKETING_VERSION = 1.0;
				PRODUCT_BUNDLE_IDENTIFIER = com.sesac.CdoeBase;
				PRODUCT_NAME = "$(TARGET_NAME)";
				SWIFT_EMIT_LOC_STRINGS = YES;
				SWIFT_VERSION = 5.0;
				TARGETED_DEVICE_FAMILY = "1,2";
			};
			name = Release;
		};
/* End XCBuildConfiguration section */

/* Begin XCConfigurationList section */
		10AB4A982A94987100E1B514 /* Build configuration list for PBXProject "CdoeBase" */ = {
			isa = XCConfigurationList;
			buildConfigurations = (
				10AB4AAF2A94987200E1B514 /* Debug */,
				10AB4AB02A94987200E1B514 /* Release */,
			);
			defaultConfigurationIsVisible = 0;
			defaultConfigurationName = Release;
		};
		10AB4AB12A94987200E1B514 /* Build configuration list for PBXNativeTarget "CdoeBase" */ = {
			isa = XCConfigurationList;
			buildConfigurations = (
				10AB4AB22A94987200E1B514 /* Debug */,
				10AB4AB32A94987200E1B514 /* Release */,
			);
			defaultConfigurationIsVisible = 0;
			defaultConfigurationName = Release;
		};
/* End XCConfigurationList section */

/* Begin XCRemoteSwiftPackageReference section */
		10AB4AB92A949A0E00E1B514 /* XCRemoteSwiftPackageReference "SnapKit" */ = {
			isa = XCRemoteSwiftPackageReference;
			repositoryURL = "https://github.com/SnapKit/SnapKit.git";
			requirement = {
				kind = upToNextMajorVersion;
				minimumVersion = 5.0.0;
			};
		};
/* End XCRemoteSwiftPackageReference section */

/* Begin XCSwiftPackageProductDependency section */
		10AB4ABA2A949A0E00E1B514 /* SnapKit */ = {
			isa = XCSwiftPackageProductDependency;
			package = 10AB4AB92A949A0E00E1B514 /* XCRemoteSwiftPackageReference "SnapKit" */;
			productName = SnapKit;
		};
/* End XCSwiftPackageProductDependency section */
	};
	rootObject = 10AB4A952A94987100E1B514 /* Project object */;
}
