// !$*UTF8*$!
{
	archiveVersion = 1;
	classes = {
	};
	objectVersion = 56;
	objects = {

/* Begin PBXBuildFile section */
		1021441A2AA1B46700BCCB08 /* TV.swift in Sources */ = {isa = PBXBuildFile; fileRef = 102144192AA1B46700BCCB08 /* TV.swift */; };
		1021441C2AA1B4B000BCCB08 /* Person.swift in Sources */ = {isa = PBXBuildFile; fileRef = 1021441B2AA1B4B000BCCB08 /* Person.swift */; };
		1021441E2AA1C1EC00BCCB08 /* All.swift in Sources */ = {isa = PBXBuildFile; fileRef = 1021441D2AA1C1EC00BCCB08 /* All.swift */; };
		103EB6152A8E2E0F00FF47FB /* ReusableViewProtocol.swift in Sources */ = {isa = PBXBuildFile; fileRef = 103EB6142A8E2E0F00FF47FB /* ReusableViewProtocol.swift */; };
		103EB6172A8E325B00FF47FB /* UIView+.swift in Sources */ = {isa = PBXBuildFile; fileRef = 103EB6162A8E325B00FF47FB /* UIView+.swift */; };
		103EB61C2A8E3D2500FF47FB /* TrendManager.swift in Sources */ = {isa = PBXBuildFile; fileRef = 103EB61B2A8E3D2500FF47FB /* TrendManager.swift */; };
		103EB61E2A8E3E1900FF47FB /* Movie.swift in Sources */ = {isa = PBXBuildFile; fileRef = 103EB61D2A8E3E1900FF47FB /* Movie.swift */; };
		103EB6222A8E4D9700FF47FB /* OverViewTableViewCell.swift in Sources */ = {isa = PBXBuildFile; fileRef = 103EB6202A8E4D9700FF47FB /* OverViewTableViewCell.swift */; };
		103EB6232A8E4D9700FF47FB /* OverViewTableViewCell.xib in Resources */ = {isa = PBXBuildFile; fileRef = 103EB6212A8E4D9700FF47FB /* OverViewTableViewCell.xib */; };
		103EB6262A8E4DA300FF47FB /* CastTableViewCell.swift in Sources */ = {isa = PBXBuildFile; fileRef = 103EB6242A8E4DA300FF47FB /* CastTableViewCell.swift */; };
		103EB6272A8E4DA300FF47FB /* CastTableViewCell.xib in Resources */ = {isa = PBXBuildFile; fileRef = 103EB6252A8E4DA300FF47FB /* CastTableViewCell.xib */; };
		103EB63C2A8F506500FF47FB /* CastManager.swift in Sources */ = {isa = PBXBuildFile; fileRef = 103EB63B2A8F506500FF47FB /* CastManager.swift */; };
		103EB63E2A8F513300FF47FB /* Credit.swift in Sources */ = {isa = PBXBuildFile; fileRef = 103EB63D2A8F513300FF47FB /* Credit.swift */; };
		103EB6642A9342FD00FF47FB /* Genre.swift in Sources */ = {isa = PBXBuildFile; fileRef = 103EB6632A9342FD00FF47FB /* Genre.swift */; };
		103EB6672A9343D300FF47FB /* APIKey.swift in Sources */ = {isa = PBXBuildFile; fileRef = 103EB6662A9343D300FF47FB /* APIKey.swift */; };
		103EB66C2A9344B300FF47FB /* .gitignore in Resources */ = {isa = PBXBuildFile; fileRef = 103EB66B2A9344B300FF47FB /* .gitignore */; };
		103EB66F2A93491100FF47FB /* URLConstant.swift in Sources */ = {isa = PBXBuildFile; fileRef = 103EB66E2A93491100FF47FB /* URLConstant.swift */; };
		104941A82A9D8515006B52BC /* BaseViewController.swift in Sources */ = {isa = PBXBuildFile; fileRef = 104941A72A9D8515006B52BC /* BaseViewController.swift */; };
		104941AA2A9D851D006B52BC /* BaseView.swift in Sources */ = {isa = PBXBuildFile; fileRef = 104941A92A9D851D006B52BC /* BaseView.swift */; };
		104941AD2A9D8548006B52BC /* Then in Frameworks */ = {isa = PBXBuildFile; productRef = 104941AC2A9D8548006B52BC /* Then */; };
		104941E92A9DBBFA006B52BC /* TrendView.swift in Sources */ = {isa = PBXBuildFile; fileRef = 104941E82A9DBBFA006B52BC /* TrendView.swift */; };
		104941EB2A9DBF63006B52BC /* CreditView.swift in Sources */ = {isa = PBXBuildFile; fileRef = 104941EA2A9DBF63006B52BC /* CreditView.swift */; };
		104941F42A9DDAE9006B52BC /* ProfileViewController.swift in Sources */ = {isa = PBXBuildFile; fileRef = 104941F32A9DDAE9006B52BC /* ProfileViewController.swift */; };
		104941F62A9DDB03006B52BC /* ProfileView.swift in Sources */ = {isa = PBXBuildFile; fileRef = 104941F52A9DDB03006B52BC /* ProfileView.swift */; };
		104941F82A9DDDCE006B52BC /* BaseTableViewCell.swift in Sources */ = {isa = PBXBuildFile; fileRef = 104941F72A9DDDCE006B52BC /* BaseTableViewCell.swift */; };
		104941FA2A9DDEA7006B52BC /* ProfileCell.swift in Sources */ = {isa = PBXBuildFile; fileRef = 104941F92A9DDEA7006B52BC /* ProfileCell.swift */; };
		104941FD2A9DE6B1006B52BC /* NameNotificationViewController.swift in Sources */ = {isa = PBXBuildFile; fileRef = 104941FC2A9DE6B1006B52BC /* NameNotificationViewController.swift */; };
		104941FF2A9DE6BE006B52BC /* UsernameNotificationViewController.swift in Sources */ = {isa = PBXBuildFile; fileRef = 104941FE2A9DE6BE006B52BC /* UsernameNotificationViewController.swift */; };
		104942012A9DE6D9006B52BC /* GenderAliasDelegateViewController.swift in Sources */ = {isa = PBXBuildFile; fileRef = 104942002A9DE6D9006B52BC /* GenderAliasDelegateViewController.swift */; };
		104942032A9DE6E9006B52BC /* DescriptionDelegateViewController.swift in Sources */ = {isa = PBXBuildFile; fileRef = 104942022A9DE6E9006B52BC /* DescriptionDelegateViewController.swift */; };
		104942052A9DE701006B52BC /* LinkClosureViewController.swift in Sources */ = {isa = PBXBuildFile; fileRef = 104942042A9DE701006B52BC /* LinkClosureViewController.swift */; };
		104942072A9DE70B006B52BC /* GenderClosureViewController.swift in Sources */ = {isa = PBXBuildFile; fileRef = 104942062A9DE70B006B52BC /* GenderClosureViewController.swift */; };
		10AB4AD12A95D5AF00E1B514 /* LocationViewController.swift in Sources */ = {isa = PBXBuildFile; fileRef = 10AB4AD02A95D5AF00E1B514 /* LocationViewController.swift */; };
		10AB4AD42A95D73C00E1B514 /* SnapKit in Frameworks */ = {isa = PBXBuildFile; productRef = 10AB4AD32A95D73C00E1B514 /* SnapKit */; };
		10AB4AD62A95DE9A00E1B514 /* sampleCode_map.swift in Sources */ = {isa = PBXBuildFile; fileRef = 10AB4AD52A95DE9A00E1B514 /* sampleCode_map.swift */; };
		10AB4AD82A95DFE300E1B514 /* TheaterType.swift in Sources */ = {isa = PBXBuildFile; fileRef = 10AB4AD72A95DFE300E1B514 /* TheaterType.swift */; };
		10E7BCD32A8E262200A20A93 /* AppDelegate.swift in Sources */ = {isa = PBXBuildFile; fileRef = 10E7BCD22A8E262200A20A93 /* AppDelegate.swift */; };
		10E7BCD52A8E262200A20A93 /* SceneDelegate.swift in Sources */ = {isa = PBXBuildFile; fileRef = 10E7BCD42A8E262200A20A93 /* SceneDelegate.swift */; };
		10E7BCDA2A8E262200A20A93 /* Main.storyboard in Resources */ = {isa = PBXBuildFile; fileRef = 10E7BCD82A8E262200A20A93 /* Main.storyboard */; };
		10E7BCDC2A8E262300A20A93 /* Assets.xcassets in Resources */ = {isa = PBXBuildFile; fileRef = 10E7BCDB2A8E262300A20A93 /* Assets.xcassets */; };
		10E7BCDF2A8E262300A20A93 /* LaunchScreen.storyboard in Resources */ = {isa = PBXBuildFile; fileRef = 10E7BCDD2A8E262300A20A93 /* LaunchScreen.storyboard */; };
		10E7BCEB2A8E267400A20A93 /* TrendViewController.swift in Sources */ = {isa = PBXBuildFile; fileRef = 10E7BCEA2A8E267400A20A93 /* TrendViewController.swift */; };
		10E7BCED2A8E267E00A20A93 /* CreditViewController.swift in Sources */ = {isa = PBXBuildFile; fileRef = 10E7BCEC2A8E267E00A20A93 /* CreditViewController.swift */; };
		10E7BCEF2A8E268500A20A93 /* CreditViewController.storyboard in Resources */ = {isa = PBXBuildFile; fileRef = 10E7BCEE2A8E268500A20A93 /* CreditViewController.storyboard */; };
		10E7BCF22A8E276E00A20A93 /* Alamofire in Frameworks */ = {isa = PBXBuildFile; productRef = 10E7BCF12A8E276E00A20A93 /* Alamofire */; };
		10E7BCF52A8E277B00A20A93 /* Kingfisher in Frameworks */ = {isa = PBXBuildFile; productRef = 10E7BCF42A8E277B00A20A93 /* Kingfisher */; };
		10E7BCFB2A8E283C00A20A93 /* TrendTableViewCell.swift in Sources */ = {isa = PBXBuildFile; fileRef = 10E7BCF92A8E283C00A20A93 /* TrendTableViewCell.swift */; };
		10E7BCFC2A8E283C00A20A93 /* TrendTableViewCell.xib in Resources */ = {isa = PBXBuildFile; fileRef = 10E7BCFA2A8E283C00A20A93 /* TrendTableViewCell.xib */; };
/* End PBXBuildFile section */

/* Begin PBXFileReference section */
		102144192AA1B46700BCCB08 /* TV.swift */ = {isa = PBXFileReference; lastKnownFileType = sourcecode.swift; path = TV.swift; sourceTree = "<group>"; };
		1021441B2AA1B4B000BCCB08 /* Person.swift */ = {isa = PBXFileReference; lastKnownFileType = sourcecode.swift; path = Person.swift; sourceTree = "<group>"; };
		1021441D2AA1C1EC00BCCB08 /* All.swift */ = {isa = PBXFileReference; lastKnownFileType = sourcecode.swift; path = All.swift; sourceTree = "<group>"; };
		103EB6142A8E2E0F00FF47FB /* ReusableViewProtocol.swift */ = {isa = PBXFileReference; lastKnownFileType = sourcecode.swift; path = ReusableViewProtocol.swift; sourceTree = "<group>"; };
		103EB6162A8E325B00FF47FB /* UIView+.swift */ = {isa = PBXFileReference; lastKnownFileType = sourcecode.swift; path = "UIView+.swift"; sourceTree = "<group>"; };
		103EB61B2A8E3D2500FF47FB /* TrendManager.swift */ = {isa = PBXFileReference; lastKnownFileType = sourcecode.swift; path = TrendManager.swift; sourceTree = "<group>"; };
		103EB61D2A8E3E1900FF47FB /* Movie.swift */ = {isa = PBXFileReference; lastKnownFileType = sourcecode.swift; path = Movie.swift; sourceTree = "<group>"; };
		103EB6202A8E4D9700FF47FB /* OverViewTableViewCell.swift */ = {isa = PBXFileReference; lastKnownFileType = sourcecode.swift; path = OverViewTableViewCell.swift; sourceTree = "<group>"; };
		103EB6212A8E4D9700FF47FB /* OverViewTableViewCell.xib */ = {isa = PBXFileReference; lastKnownFileType = file.xib; path = OverViewTableViewCell.xib; sourceTree = "<group>"; };
		103EB6242A8E4DA300FF47FB /* CastTableViewCell.swift */ = {isa = PBXFileReference; lastKnownFileType = sourcecode.swift; path = CastTableViewCell.swift; sourceTree = "<group>"; };
		103EB6252A8E4DA300FF47FB /* CastTableViewCell.xib */ = {isa = PBXFileReference; lastKnownFileType = file.xib; path = CastTableViewCell.xib; sourceTree = "<group>"; };
		103EB63B2A8F506500FF47FB /* CastManager.swift */ = {isa = PBXFileReference; lastKnownFileType = sourcecode.swift; path = CastManager.swift; sourceTree = "<group>"; };
		103EB63D2A8F513300FF47FB /* Credit.swift */ = {isa = PBXFileReference; lastKnownFileType = sourcecode.swift; path = Credit.swift; sourceTree = "<group>"; };
		103EB6632A9342FD00FF47FB /* Genre.swift */ = {isa = PBXFileReference; lastKnownFileType = sourcecode.swift; path = Genre.swift; sourceTree = "<group>"; };
		103EB6662A9343D300FF47FB /* APIKey.swift */ = {isa = PBXFileReference; lastKnownFileType = sourcecode.swift; path = APIKey.swift; sourceTree = "<group>"; };
		103EB66B2A9344B300FF47FB /* .gitignore */ = {isa = PBXFileReference; lastKnownFileType = text; path = .gitignore; sourceTree = "<group>"; };
		103EB66E2A93491100FF47FB /* URLConstant.swift */ = {isa = PBXFileReference; lastKnownFileType = sourcecode.swift; path = URLConstant.swift; sourceTree = "<group>"; };
		104941A72A9D8515006B52BC /* BaseViewController.swift */ = {isa = PBXFileReference; lastKnownFileType = sourcecode.swift; path = BaseViewController.swift; sourceTree = "<group>"; };
		104941A92A9D851D006B52BC /* BaseView.swift */ = {isa = PBXFileReference; lastKnownFileType = sourcecode.swift; path = BaseView.swift; sourceTree = "<group>"; };
		104941E82A9DBBFA006B52BC /* TrendView.swift */ = {isa = PBXFileReference; lastKnownFileType = sourcecode.swift; path = TrendView.swift; sourceTree = "<group>"; };
		104941EA2A9DBF63006B52BC /* CreditView.swift */ = {isa = PBXFileReference; lastKnownFileType = sourcecode.swift; path = CreditView.swift; sourceTree = "<group>"; };
		104941F32A9DDAE9006B52BC /* ProfileViewController.swift */ = {isa = PBXFileReference; lastKnownFileType = sourcecode.swift; path = ProfileViewController.swift; sourceTree = "<group>"; };
		104941F52A9DDB03006B52BC /* ProfileView.swift */ = {isa = PBXFileReference; lastKnownFileType = sourcecode.swift; path = ProfileView.swift; sourceTree = "<group>"; };
		104941F72A9DDDCE006B52BC /* BaseTableViewCell.swift */ = {isa = PBXFileReference; lastKnownFileType = sourcecode.swift; path = BaseTableViewCell.swift; sourceTree = "<group>"; };
		104941F92A9DDEA7006B52BC /* ProfileCell.swift */ = {isa = PBXFileReference; lastKnownFileType = sourcecode.swift; path = ProfileCell.swift; sourceTree = "<group>"; };
		104941FC2A9DE6B1006B52BC /* NameNotificationViewController.swift */ = {isa = PBXFileReference; lastKnownFileType = sourcecode.swift; path = NameNotificationViewController.swift; sourceTree = "<group>"; };
		104941FE2A9DE6BE006B52BC /* UsernameNotificationViewController.swift */ = {isa = PBXFileReference; lastKnownFileType = sourcecode.swift; path = UsernameNotificationViewController.swift; sourceTree = "<group>"; };
		104942002A9DE6D9006B52BC /* GenderAliasDelegateViewController.swift */ = {isa = PBXFileReference; lastKnownFileType = sourcecode.swift; path = GenderAliasDelegateViewController.swift; sourceTree = "<group>"; };
		104942022A9DE6E9006B52BC /* DescriptionDelegateViewController.swift */ = {isa = PBXFileReference; lastKnownFileType = sourcecode.swift; path = DescriptionDelegateViewController.swift; sourceTree = "<group>"; };
		104942042A9DE701006B52BC /* LinkClosureViewController.swift */ = {isa = PBXFileReference; lastKnownFileType = sourcecode.swift; path = LinkClosureViewController.swift; sourceTree = "<group>"; };
		104942062A9DE70B006B52BC /* GenderClosureViewController.swift */ = {isa = PBXFileReference; lastKnownFileType = sourcecode.swift; path = GenderClosureViewController.swift; sourceTree = "<group>"; };
		10AB4AD02A95D5AF00E1B514 /* LocationViewController.swift */ = {isa = PBXFileReference; lastKnownFileType = sourcecode.swift; path = LocationViewController.swift; sourceTree = "<group>"; };
		10AB4AD52A95DE9A00E1B514 /* sampleCode_map.swift */ = {isa = PBXFileReference; fileEncoding = 4; lastKnownFileType = sourcecode.swift; path = sampleCode_map.swift; sourceTree = "<group>"; };
		10AB4AD72A95DFE300E1B514 /* TheaterType.swift */ = {isa = PBXFileReference; lastKnownFileType = sourcecode.swift; path = TheaterType.swift; sourceTree = "<group>"; };
		10E7BCCF2A8E262200A20A93 /* TMDB.app */ = {isa = PBXFileReference; explicitFileType = wrapper.application; includeInIndex = 0; path = TMDB.app; sourceTree = BUILT_PRODUCTS_DIR; };
		10E7BCD22A8E262200A20A93 /* AppDelegate.swift */ = {isa = PBXFileReference; lastKnownFileType = sourcecode.swift; path = AppDelegate.swift; sourceTree = "<group>"; };
		10E7BCD42A8E262200A20A93 /* SceneDelegate.swift */ = {isa = PBXFileReference; lastKnownFileType = sourcecode.swift; path = SceneDelegate.swift; sourceTree = "<group>"; };
		10E7BCD92A8E262200A20A93 /* Base */ = {isa = PBXFileReference; lastKnownFileType = file.storyboard; name = Base; path = Base.lproj/Main.storyboard; sourceTree = "<group>"; };
		10E7BCDB2A8E262300A20A93 /* Assets.xcassets */ = {isa = PBXFileReference; lastKnownFileType = folder.assetcatalog; path = Assets.xcassets; sourceTree = "<group>"; };
		10E7BCDE2A8E262300A20A93 /* Base */ = {isa = PBXFileReference; lastKnownFileType = file.storyboard; name = Base; path = Base.lproj/LaunchScreen.storyboard; sourceTree = "<group>"; };
		10E7BCE02A8E262300A20A93 /* Info.plist */ = {isa = PBXFileReference; lastKnownFileType = text.plist.xml; path = Info.plist; sourceTree = "<group>"; };
		10E7BCEA2A8E267400A20A93 /* TrendViewController.swift */ = {isa = PBXFileReference; lastKnownFileType = sourcecode.swift; path = TrendViewController.swift; sourceTree = "<group>"; };
		10E7BCEC2A8E267E00A20A93 /* CreditViewController.swift */ = {isa = PBXFileReference; lastKnownFileType = sourcecode.swift; path = CreditViewController.swift; sourceTree = "<group>"; };
		10E7BCEE2A8E268500A20A93 /* CreditViewController.storyboard */ = {isa = PBXFileReference; lastKnownFileType = file.storyboard; path = CreditViewController.storyboard; sourceTree = "<group>"; };
		10E7BCF92A8E283C00A20A93 /* TrendTableViewCell.swift */ = {isa = PBXFileReference; lastKnownFileType = sourcecode.swift; path = TrendTableViewCell.swift; sourceTree = "<group>"; };
		10E7BCFA2A8E283C00A20A93 /* TrendTableViewCell.xib */ = {isa = PBXFileReference; lastKnownFileType = file.xib; path = TrendTableViewCell.xib; sourceTree = "<group>"; };
/* End PBXFileReference section */

/* Begin PBXFrameworksBuildPhase section */
		10E7BCCC2A8E262200A20A93 /* Frameworks */ = {
			isa = PBXFrameworksBuildPhase;
			buildActionMask = 2147483647;
			files = (
				10AB4AD42A95D73C00E1B514 /* SnapKit in Frameworks */,
				10E7BCF52A8E277B00A20A93 /* Kingfisher in Frameworks */,
				10E7BCF22A8E276E00A20A93 /* Alamofire in Frameworks */,
				104941AD2A9D8548006B52BC /* Then in Frameworks */,
			);
			runOnlyForDeploymentPostprocessing = 0;
		};
/* End PBXFrameworksBuildPhase section */

/* Begin PBXGroup section */
		103EB6132A8E2DD700FF47FB /* Extension */ = {
			isa = PBXGroup;
			children = (
				103EB6142A8E2E0F00FF47FB /* ReusableViewProtocol.swift */,
				103EB6162A8E325B00FF47FB /* UIView+.swift */,
			);
			path = Extension;
			sourceTree = "<group>";
		};
		103EB6192A8E378600FF47FB /* Data */ = {
			isa = PBXGroup;
			children = (
				10AB4AD72A95DFE300E1B514 /* TheaterType.swift */,
				10AB4AD52A95DE9A00E1B514 /* sampleCode_map.swift */,
				103EB66D2A9348F800FF47FB /* Model */,
				103EB6652A9343C400FF47FB /* Key */,
				103EB61A2A8E3D1700FF47FB /* APIServices */,
				103EB66E2A93491100FF47FB /* URLConstant.swift */,
			);
			path = Data;
			sourceTree = "<group>";
		};
		103EB61A2A8E3D1700FF47FB /* APIServices */ = {
			isa = PBXGroup;
			children = (
				103EB61B2A8E3D2500FF47FB /* TrendManager.swift */,
				103EB63B2A8F506500FF47FB /* CastManager.swift */,
			);
			path = APIServices;
			sourceTree = "<group>";
		};
		103EB61F2A8E4D6500FF47FB /* Credit */ = {
			isa = PBXGroup;
			children = (
				103EB6202A8E4D9700FF47FB /* OverViewTableViewCell.swift */,
				103EB6212A8E4D9700FF47FB /* OverViewTableViewCell.xib */,
				103EB6242A8E4DA300FF47FB /* CastTableViewCell.swift */,
				103EB6252A8E4DA300FF47FB /* CastTableViewCell.xib */,
			);
			path = Credit;
			sourceTree = "<group>";
		};
		103EB6652A9343C400FF47FB /* Key */ = {
			isa = PBXGroup;
			children = (
				103EB6662A9343D300FF47FB /* APIKey.swift */,
			);
			path = Key;
			sourceTree = "<group>";
		};
		103EB66D2A9348F800FF47FB /* Model */ = {
			isa = PBXGroup;
			children = (
				103EB61D2A8E3E1900FF47FB /* Movie.swift */,
				1021441B2AA1B4B000BCCB08 /* Person.swift */,
				103EB6632A9342FD00FF47FB /* Genre.swift */,
				103EB63D2A8F513300FF47FB /* Credit.swift */,
				102144192AA1B46700BCCB08 /* TV.swift */,
				1021441D2AA1C1EC00BCCB08 /* All.swift */,
			);
			path = Model;
			sourceTree = "<group>";
		};
		103EB6732A9350DE00FF47FB /* Present */ = {
			isa = PBXGroup;
			children = (
				104941A62A9D850A006B52BC /* Base */,
				104941FB2A9DE66D006B52BC /* DataTransfer */,
				104941F22A9DDADF006B52BC /* Profile */,
				10AB4ACF2A95D4E100E1B514 /* Location */,
				10E7BCE62A8E265600A20A93 /* Trend */,
				10E7BCE72A8E265900A20A93 /* Credit */,
			);
			path = Present;
			sourceTree = "<group>";
		};
		104941A62A9D850A006B52BC /* Base */ = {
			isa = PBXGroup;
			children = (
				104941A72A9D8515006B52BC /* BaseViewController.swift */,
				104941A92A9D851D006B52BC /* BaseView.swift */,
				104941F72A9DDDCE006B52BC /* BaseTableViewCell.swift */,
			);
			path = Base;
			sourceTree = "<group>";
		};
		104941E52A9DA8E8006B52BC /* Application */ = {
			isa = PBXGroup;
			children = (
				10E7BCD42A8E262200A20A93 /* SceneDelegate.swift */,
				10E7BCD22A8E262200A20A93 /* AppDelegate.swift */,
			);
			path = Application;
			sourceTree = "<group>";
		};
		104941F22A9DDADF006B52BC /* Profile */ = {
			isa = PBXGroup;
			children = (
				104941F32A9DDAE9006B52BC /* ProfileViewController.swift */,
				104941F52A9DDB03006B52BC /* ProfileView.swift */,
			);
			path = Profile;
			sourceTree = "<group>";
		};
		104941FB2A9DE66D006B52BC /* DataTransfer */ = {
			isa = PBXGroup;
			children = (
				104941FC2A9DE6B1006B52BC /* NameNotificationViewController.swift */,
				104941FE2A9DE6BE006B52BC /* UsernameNotificationViewController.swift */,
				104942002A9DE6D9006B52BC /* GenderAliasDelegateViewController.swift */,
				104942022A9DE6E9006B52BC /* DescriptionDelegateViewController.swift */,
				104942042A9DE701006B52BC /* LinkClosureViewController.swift */,
				104942062A9DE70B006B52BC /* GenderClosureViewController.swift */,
			);
			path = DataTransfer;
			sourceTree = "<group>";
		};
		10AB4ACF2A95D4E100E1B514 /* Location */ = {
			isa = PBXGroup;
			children = (
				10AB4AD02A95D5AF00E1B514 /* LocationViewController.swift */,
			);
			path = Location;
			sourceTree = "<group>";
		};
		10E7BCC62A8E262200A20A93 = {
			isa = PBXGroup;
			children = (
				10E7BCD12A8E262200A20A93 /* TMDB */,
				10E7BCD02A8E262200A20A93 /* Products */,
			);
			sourceTree = "<group>";
		};
		10E7BCD02A8E262200A20A93 /* Products */ = {
			isa = PBXGroup;
			children = (
				10E7BCCF2A8E262200A20A93 /* TMDB.app */,
			);
			name = Products;
			sourceTree = "<group>";
		};
		10E7BCD12A8E262200A20A93 /* TMDB */ = {
			isa = PBXGroup;
			children = (
				104941E52A9DA8E8006B52BC /* Application */,
				103EB66B2A9344B300FF47FB /* .gitignore */,
				10E7BCF62A8E280800A20A93 /* Component */,
				103EB6732A9350DE00FF47FB /* Present */,
				103EB6192A8E378600FF47FB /* Data */,
				103EB6132A8E2DD700FF47FB /* Extension */,
				10E7BCD82A8E262200A20A93 /* Main.storyboard */,
				10E7BCDB2A8E262300A20A93 /* Assets.xcassets */,
				10E7BCDD2A8E262300A20A93 /* LaunchScreen.storyboard */,
				10E7BCE02A8E262300A20A93 /* Info.plist */,
			);
			path = TMDB;
			sourceTree = "<group>";
		};
		10E7BCE62A8E265600A20A93 /* Trend */ = {
			isa = PBXGroup;
			children = (
				10E7BCEA2A8E267400A20A93 /* TrendViewController.swift */,
				104941E82A9DBBFA006B52BC /* TrendView.swift */,
			);
			path = Trend;
			sourceTree = "<group>";
		};
		10E7BCE72A8E265900A20A93 /* Credit */ = {
			isa = PBXGroup;
			children = (
				10E7BCEC2A8E267E00A20A93 /* CreditViewController.swift */,
				104941EA2A9DBF63006B52BC /* CreditView.swift */,
				10E7BCEE2A8E268500A20A93 /* CreditViewController.storyboard */,
			);
			path = Credit;
			sourceTree = "<group>";
		};
		10E7BCF62A8E280800A20A93 /* Component */ = {
			isa = PBXGroup;
			children = (
				103EB61F2A8E4D6500FF47FB /* Credit */,
				10E7BCF92A8E283C00A20A93 /* TrendTableViewCell.swift */,
				10E7BCFA2A8E283C00A20A93 /* TrendTableViewCell.xib */,
				104941F92A9DDEA7006B52BC /* ProfileCell.swift */,
			);
			path = Component;
			sourceTree = "<group>";
		};
/* End PBXGroup section */

/* Begin PBXNativeTarget section */
		10E7BCCE2A8E262200A20A93 /* TMDB */ = {
			isa = PBXNativeTarget;
			buildConfigurationList = 10E7BCE32A8E262300A20A93 /* Build configuration list for PBXNativeTarget "TMDB" */;
			buildPhases = (
				10E7BCCB2A8E262200A20A93 /* Sources */,
				10E7BCCC2A8E262200A20A93 /* Frameworks */,
				10E7BCCD2A8E262200A20A93 /* Resources */,
			);
			buildRules = (
			);
			dependencies = (
			);
			name = TMDB;
			packageProductDependencies = (
				10E7BCF12A8E276E00A20A93 /* Alamofire */,
				10E7BCF42A8E277B00A20A93 /* Kingfisher */,
				10AB4AD32A95D73C00E1B514 /* SnapKit */,
				104941AC2A9D8548006B52BC /* Then */,
			);
			productName = TMDB;
			productReference = 10E7BCCF2A8E262200A20A93 /* TMDB.app */;
			productType = "com.apple.product-type.application";
		};
/* End PBXNativeTarget section */

/* Begin PBXProject section */
		10E7BCC72A8E262200A20A93 /* Project object */ = {
			isa = PBXProject;
			attributes = {
				BuildIndependentTargetsInParallel = 1;
				LastSwiftUpdateCheck = 1430;
				LastUpgradeCheck = 1430;
				TargetAttributes = {
					10E7BCCE2A8E262200A20A93 = {
						CreatedOnToolsVersion = 14.3;
					};
				};
			};
			buildConfigurationList = 10E7BCCA2A8E262200A20A93 /* Build configuration list for PBXProject "TMDB" */;
			compatibilityVersion = "Xcode 14.0";
			developmentRegion = en;
			hasScannedForEncodings = 0;
			knownRegions = (
				en,
				Base,
			);
			mainGroup = 10E7BCC62A8E262200A20A93;
			packageReferences = (
				10E7BCF02A8E276E00A20A93 /* XCRemoteSwiftPackageReference "Alamofire" */,
				10E7BCF32A8E277B00A20A93 /* XCRemoteSwiftPackageReference "Kingfisher" */,
				10AB4AD22A95D73C00E1B514 /* XCRemoteSwiftPackageReference "SnapKit" */,
				104941AB2A9D8548006B52BC /* XCRemoteSwiftPackageReference "Then" */,
			);
			productRefGroup = 10E7BCD02A8E262200A20A93 /* Products */;
			projectDirPath = "";
			projectRoot = "";
			targets = (
				10E7BCCE2A8E262200A20A93 /* TMDB */,
			);
		};
/* End PBXProject section */

/* Begin PBXResourcesBuildPhase section */
		10E7BCCD2A8E262200A20A93 /* Resources */ = {
			isa = PBXResourcesBuildPhase;
			buildActionMask = 2147483647;
			files = (
				103EB6232A8E4D9700FF47FB /* OverViewTableViewCell.xib in Resources */,
				10E7BCEF2A8E268500A20A93 /* CreditViewController.storyboard in Resources */,
				10E7BCDF2A8E262300A20A93 /* LaunchScreen.storyboard in Resources */,
				103EB6272A8E4DA300FF47FB /* CastTableViewCell.xib in Resources */,
				10E7BCFC2A8E283C00A20A93 /* TrendTableViewCell.xib in Resources */,
				10E7BCDC2A8E262300A20A93 /* Assets.xcassets in Resources */,
				103EB66C2A9344B300FF47FB /* .gitignore in Resources */,
				10E7BCDA2A8E262200A20A93 /* Main.storyboard in Resources */,
			);
			runOnlyForDeploymentPostprocessing = 0;
		};
/* End PBXResourcesBuildPhase section */

/* Begin PBXSourcesBuildPhase section */
		10E7BCCB2A8E262200A20A93 /* Sources */ = {
			isa = PBXSourcesBuildPhase;
			buildActionMask = 2147483647;
			files = (
				10E7BCEB2A8E267400A20A93 /* TrendViewController.swift in Sources */,
				104942032A9DE6E9006B52BC /* DescriptionDelegateViewController.swift in Sources */,
				10AB4AD62A95DE9A00E1B514 /* sampleCode_map.swift in Sources */,
				10E7BCED2A8E267E00A20A93 /* CreditViewController.swift in Sources */,
				104942052A9DE701006B52BC /* LinkClosureViewController.swift in Sources */,
				104942012A9DE6D9006B52BC /* GenderAliasDelegateViewController.swift in Sources */,
				10AB4AD82A95DFE300E1B514 /* TheaterType.swift in Sources */,
				10E7BCD32A8E262200A20A93 /* AppDelegate.swift in Sources */,
				104941A82A9D8515006B52BC /* BaseViewController.swift in Sources */,
				1021441E2AA1C1EC00BCCB08 /* All.swift in Sources */,
				104942072A9DE70B006B52BC /* GenderClosureViewController.swift in Sources */,
				104941FA2A9DDEA7006B52BC /* ProfileCell.swift in Sources */,
				104941F42A9DDAE9006B52BC /* ProfileViewController.swift in Sources */,
				104941F62A9DDB03006B52BC /* ProfileView.swift in Sources */,
				103EB63E2A8F513300FF47FB /* Credit.swift in Sources */,
				10AB4AD12A95D5AF00E1B514 /* LocationViewController.swift in Sources */,
				103EB66F2A93491100FF47FB /* URLConstant.swift in Sources */,
				103EB6172A8E325B00FF47FB /* UIView+.swift in Sources */,
				1021441A2AA1B46700BCCB08 /* TV.swift in Sources */,
				103EB6152A8E2E0F00FF47FB /* ReusableViewProtocol.swift in Sources */,
				103EB61C2A8E3D2500FF47FB /* TrendManager.swift in Sources */,
				103EB61E2A8E3E1900FF47FB /* Movie.swift in Sources */,
				103EB6642A9342FD00FF47FB /* Genre.swift in Sources */,
				104941FF2A9DE6BE006B52BC /* UsernameNotificationViewController.swift in Sources */,
				103EB6672A9343D300FF47FB /* APIKey.swift in Sources */,
				104941FD2A9DE6B1006B52BC /* NameNotificationViewController.swift in Sources */,
				1021441C2AA1B4B000BCCB08 /* Person.swift in Sources */,
				103EB63C2A8F506500FF47FB /* CastManager.swift in Sources */,
				103EB6262A8E4DA300FF47FB /* CastTableViewCell.swift in Sources */,
				10E7BCD52A8E262200A20A93 /* SceneDelegate.swift in Sources */,
				104941E92A9DBBFA006B52BC /* TrendView.swift in Sources */,
				104941EB2A9DBF63006B52BC /* CreditView.swift in Sources */,
				104941AA2A9D851D006B52BC /* BaseView.swift in Sources */,
				10E7BCFB2A8E283C00A20A93 /* TrendTableViewCell.swift in Sources */,
				104941F82A9DDDCE006B52BC /* BaseTableViewCell.swift in Sources */,
				103EB6222A8E4D9700FF47FB /* OverViewTableViewCell.swift in Sources */,
			);
			runOnlyForDeploymentPostprocessing = 0;
		};
/* End PBXSourcesBuildPhase section */

/* Begin PBXVariantGroup section */
		10E7BCD82A8E262200A20A93 /* Main.storyboard */ = {
			isa = PBXVariantGroup;
			children = (
				10E7BCD92A8E262200A20A93 /* Base */,
			);
			name = Main.storyboard;
			sourceTree = "<group>";
		};
		10E7BCDD2A8E262300A20A93 /* LaunchScreen.storyboard */ = {
			isa = PBXVariantGroup;
			children = (
				10E7BCDE2A8E262300A20A93 /* Base */,
			);
			name = LaunchScreen.storyboard;
			sourceTree = "<group>";
		};
/* End PBXVariantGroup section */

/* Begin XCBuildConfiguration section */
		10E7BCE12A8E262300A20A93 /* Debug */ = {
			isa = XCBuildConfiguration;
			buildSettings = {
				ALWAYS_SEARCH_USER_PATHS = NO;
				CLANG_ANALYZER_NONNULL = YES;
				CLANG_ANALYZER_NUMBER_OBJECT_CONVERSION = YES_AGGRESSIVE;
				CLANG_CXX_LANGUAGE_STANDARD = "gnu++20";
				CLANG_ENABLE_MODULES = YES;
				CLANG_ENABLE_OBJC_ARC = YES;
				CLANG_ENABLE_OBJC_WEAK = YES;
				CLANG_WARN_BLOCK_CAPTURE_AUTORELEASING = YES;
				CLANG_WARN_BOOL_CONVERSION = YES;
				CLANG_WARN_COMMA = YES;
				CLANG_WARN_CONSTANT_CONVERSION = YES;
				CLANG_WARN_DEPRECATED_OBJC_IMPLEMENTATIONS = YES;
				CLANG_WARN_DIRECT_OBJC_ISA_USAGE = YES_ERROR;
				CLANG_WARN_DOCUMENTATION_COMMENTS = YES;
				CLANG_WARN_EMPTY_BODY = YES;
				CLANG_WARN_ENUM_CONVERSION = YES;
				CLANG_WARN_INFINITE_RECURSION = YES;
				CLANG_WARN_INT_CONVERSION = YES;
				CLANG_WARN_NON_LITERAL_NULL_CONVERSION = YES;
				CLANG_WARN_OBJC_IMPLICIT_RETAIN_SELF = YES;
				CLANG_WARN_OBJC_LITERAL_CONVERSION = YES;
				CLANG_WARN_OBJC_ROOT_CLASS = YES_ERROR;
				CLANG_WARN_QUOTED_INCLUDE_IN_FRAMEWORK_HEADER = YES;
				CLANG_WARN_RANGE_LOOP_ANALYSIS = YES;
				CLANG_WARN_STRICT_PROTOTYPES = YES;
				CLANG_WARN_SUSPICIOUS_MOVE = YES;
				CLANG_WARN_UNGUARDED_AVAILABILITY = YES_AGGRESSIVE;
				CLANG_WARN_UNREACHABLE_CODE = YES;
				CLANG_WARN__DUPLICATE_METHOD_MATCH = YES;
				COPY_PHASE_STRIP = NO;
				DEBUG_INFORMATION_FORMAT = dwarf;
				ENABLE_STRICT_OBJC_MSGSEND = YES;
				ENABLE_TESTABILITY = YES;
				GCC_C_LANGUAGE_STANDARD = gnu11;
				GCC_DYNAMIC_NO_PIC = NO;
				GCC_NO_COMMON_BLOCKS = YES;
				GCC_OPTIMIZATION_LEVEL = 0;
				GCC_PREPROCESSOR_DEFINITIONS = (
					"DEBUG=1",
					"$(inherited)",
				);
				GCC_WARN_64_TO_32_BIT_CONVERSION = YES;
				GCC_WARN_ABOUT_RETURN_TYPE = YES_ERROR;
				GCC_WARN_UNDECLARED_SELECTOR = YES;
				GCC_WARN_UNINITIALIZED_AUTOS = YES_AGGRESSIVE;
				GCC_WARN_UNUSED_FUNCTION = YES;
				GCC_WARN_UNUSED_VARIABLE = YES;
				IPHONEOS_DEPLOYMENT_TARGET = 16.4;
				MTL_ENABLE_DEBUG_INFO = INCLUDE_SOURCE;
				MTL_FAST_MATH = YES;
				ONLY_ACTIVE_ARCH = YES;
				SDKROOT = iphoneos;
				SWIFT_ACTIVE_COMPILATION_CONDITIONS = DEBUG;
				SWIFT_OPTIMIZATION_LEVEL = "-Onone";
			};
			name = Debug;
		};
		10E7BCE22A8E262300A20A93 /* Release */ = {
			isa = XCBuildConfiguration;
			buildSettings = {
				ALWAYS_SEARCH_USER_PATHS = NO;
				CLANG_ANALYZER_NONNULL = YES;
				CLANG_ANALYZER_NUMBER_OBJECT_CONVERSION = YES_AGGRESSIVE;
				CLANG_CXX_LANGUAGE_STANDARD = "gnu++20";
				CLANG_ENABLE_MODULES = YES;
				CLANG_ENABLE_OBJC_ARC = YES;
				CLANG_ENABLE_OBJC_WEAK = YES;
				CLANG_WARN_BLOCK_CAPTURE_AUTORELEASING = YES;
				CLANG_WARN_BOOL_CONVERSION = YES;
				CLANG_WARN_COMMA = YES;
				CLANG_WARN_CONSTANT_CONVERSION = YES;
				CLANG_WARN_DEPRECATED_OBJC_IMPLEMENTATIONS = YES;
				CLANG_WARN_DIRECT_OBJC_ISA_USAGE = YES_ERROR;
				CLANG_WARN_DOCUMENTATION_COMMENTS = YES;
				CLANG_WARN_EMPTY_BODY = YES;
				CLANG_WARN_ENUM_CONVERSION = YES;
				CLANG_WARN_INFINITE_RECURSION = YES;
				CLANG_WARN_INT_CONVERSION = YES;
				CLANG_WARN_NON_LITERAL_NULL_CONVERSION = YES;
				CLANG_WARN_OBJC_IMPLICIT_RETAIN_SELF = YES;
				CLANG_WARN_OBJC_LITERAL_CONVERSION = YES;
				CLANG_WARN_OBJC_ROOT_CLASS = YES_ERROR;
				CLANG_WARN_QUOTED_INCLUDE_IN_FRAMEWORK_HEADER = YES;
				CLANG_WARN_RANGE_LOOP_ANALYSIS = YES;
				CLANG_WARN_STRICT_PROTOTYPES = YES;
				CLANG_WARN_SUSPICIOUS_MOVE = YES;
				CLANG_WARN_UNGUARDED_AVAILABILITY = YES_AGGRESSIVE;
				CLANG_WARN_UNREACHABLE_CODE = YES;
				CLANG_WARN__DUPLICATE_METHOD_MATCH = YES;
				COPY_PHASE_STRIP = NO;
				DEBUG_INFORMATION_FORMAT = "dwarf-with-dsym";
				ENABLE_NS_ASSERTIONS = NO;
				ENABLE_STRICT_OBJC_MSGSEND = YES;
				GCC_C_LANGUAGE_STANDARD = gnu11;
				GCC_NO_COMMON_BLOCKS = YES;
				GCC_WARN_64_TO_32_BIT_CONVERSION = YES;
				GCC_WARN_ABOUT_RETURN_TYPE = YES_ERROR;
				GCC_WARN_UNDECLARED_SELECTOR = YES;
				GCC_WARN_UNINITIALIZED_AUTOS = YES_AGGRESSIVE;
				GCC_WARN_UNUSED_FUNCTION = YES;
				GCC_WARN_UNUSED_VARIABLE = YES;
				IPHONEOS_DEPLOYMENT_TARGET = 16.4;
				MTL_ENABLE_DEBUG_INFO = NO;
				MTL_FAST_MATH = YES;
				SDKROOT = iphoneos;
				SWIFT_COMPILATION_MODE = wholemodule;
				SWIFT_OPTIMIZATION_LEVEL = "-O";
				VALIDATE_PRODUCT = YES;
			};
			name = Release;
		};
		10E7BCE42A8E262300A20A93 /* Debug */ = {
			isa = XCBuildConfiguration;
			buildSettings = {
				ASSETCATALOG_COMPILER_APPICON_NAME = AppIcon;
				ASSETCATALOG_COMPILER_GLOBAL_ACCENT_COLOR_NAME = AccentColor;
				CODE_SIGN_STYLE = Automatic;
				CURRENT_PROJECT_VERSION = 1;
				DEVELOPMENT_TEAM = 6UJYJPDXP4;
				GENERATE_INFOPLIST_FILE = YES;
				INFOPLIST_FILE = TMDB/Info.plist;
				INFOPLIST_KEY_UIApplicationSupportsIndirectInputEvents = YES;
				INFOPLIST_KEY_UILaunchStoryboardName = LaunchScreen;
				INFOPLIST_KEY_UIMainStoryboardFile = Main;
				INFOPLIST_KEY_UISupportedInterfaceOrientations_iPad = "UIInterfaceOrientationPortrait UIInterfaceOrientationPortraitUpsideDown UIInterfaceOrientationLandscapeLeft UIInterfaceOrientationLandscapeRight";
				INFOPLIST_KEY_UISupportedInterfaceOrientations_iPhone = "UIInterfaceOrientationPortrait UIInterfaceOrientationLandscapeLeft UIInterfaceOrientationLandscapeRight";
				LD_RUNPATH_SEARCH_PATHS = (
					"$(inherited)",
					"@executable_path/Frameworks",
				);
				MARKETING_VERSION = 1.0;
				PRODUCT_BUNDLE_IDENTIFIER = com.sesac.TMDB;
				PRODUCT_NAME = "$(TARGET_NAME)";
				SWIFT_EMIT_LOC_STRINGS = YES;
				SWIFT_VERSION = 5.0;
				TARGETED_DEVICE_FAMILY = "1,2";
			};
			name = Debug;
		};
		10E7BCE52A8E262300A20A93 /* Release */ = {
			isa = XCBuildConfiguration;
			buildSettings = {
				ASSETCATALOG_COMPILER_APPICON_NAME = AppIcon;
				ASSETCATALOG_COMPILER_GLOBAL_ACCENT_COLOR_NAME = AccentColor;
				CODE_SIGN_STYLE = Automatic;
				CURRENT_PROJECT_VERSION = 1;
				DEVELOPMENT_TEAM = 6UJYJPDXP4;
				GENERATE_INFOPLIST_FILE = YES;
				INFOPLIST_FILE = TMDB/Info.plist;
				INFOPLIST_KEY_UIApplicationSupportsIndirectInputEvents = YES;
				INFOPLIST_KEY_UILaunchStoryboardName = LaunchScreen;
				INFOPLIST_KEY_UIMainStoryboardFile = Main;
				INFOPLIST_KEY_UISupportedInterfaceOrientations_iPad = "UIInterfaceOrientationPortrait UIInterfaceOrientationPortraitUpsideDown UIInterfaceOrientationLandscapeLeft UIInterfaceOrientationLandscapeRight";
				INFOPLIST_KEY_UISupportedInterfaceOrientations_iPhone = "UIInterfaceOrientationPortrait UIInterfaceOrientationLandscapeLeft UIInterfaceOrientationLandscapeRight";
				LD_RUNPATH_SEARCH_PATHS = (
					"$(inherited)",
					"@executable_path/Frameworks",
				);
				MARKETING_VERSION = 1.0;
				PRODUCT_BUNDLE_IDENTIFIER = com.sesac.TMDB;
				PRODUCT_NAME = "$(TARGET_NAME)";
				SWIFT_EMIT_LOC_STRINGS = YES;
				SWIFT_VERSION = 5.0;
				TARGETED_DEVICE_FAMILY = "1,2";
			};
			name = Release;
		};
/* End XCBuildConfiguration section */

/* Begin XCConfigurationList section */
		10E7BCCA2A8E262200A20A93 /* Build configuration list for PBXProject "TMDB" */ = {
			isa = XCConfigurationList;
			buildConfigurations = (
				10E7BCE12A8E262300A20A93 /* Debug */,
				10E7BCE22A8E262300A20A93 /* Release */,
			);
			defaultConfigurationIsVisible = 0;
			defaultConfigurationName = Release;
		};
		10E7BCE32A8E262300A20A93 /* Build configuration list for PBXNativeTarget "TMDB" */ = {
			isa = XCConfigurationList;
			buildConfigurations = (
				10E7BCE42A8E262300A20A93 /* Debug */,
				10E7BCE52A8E262300A20A93 /* Release */,
			);
			defaultConfigurationIsVisible = 0;
			defaultConfigurationName = Release;
		};
/* End XCConfigurationList section */

/* Begin XCRemoteSwiftPackageReference section */
		104941AB2A9D8548006B52BC /* XCRemoteSwiftPackageReference "Then" */ = {
			isa = XCRemoteSwiftPackageReference;
			repositoryURL = "https://github.com/devxoul/Then";
			requirement = {
				kind = upToNextMajorVersion;
				minimumVersion = 3.0.0;
			};
		};
		10AB4AD22A95D73C00E1B514 /* XCRemoteSwiftPackageReference "SnapKit" */ = {
			isa = XCRemoteSwiftPackageReference;
			repositoryURL = "https://github.com/SnapKit/SnapKit.git";
			requirement = {
				kind = upToNextMajorVersion;
				minimumVersion = 5.0.0;
			};
		};
		10E7BCF02A8E276E00A20A93 /* XCRemoteSwiftPackageReference "Alamofire" */ = {
			isa = XCRemoteSwiftPackageReference;
			repositoryURL = "https://github.com/Alamofire/Alamofire";
			requirement = {
				kind = upToNextMajorVersion;
				minimumVersion = 5.0.0;
			};
		};
		10E7BCF32A8E277B00A20A93 /* XCRemoteSwiftPackageReference "Kingfisher" */ = {
			isa = XCRemoteSwiftPackageReference;
			repositoryURL = "https://github.com/onevcat/Kingfisher";
			requirement = {
				kind = upToNextMajorVersion;
				minimumVersion = 7.0.0;
			};
		};
/* End XCRemoteSwiftPackageReference section */

/* Begin XCSwiftPackageProductDependency section */
		104941AC2A9D8548006B52BC /* Then */ = {
			isa = XCSwiftPackageProductDependency;
			package = 104941AB2A9D8548006B52BC /* XCRemoteSwiftPackageReference "Then" */;
			productName = Then;
		};
		10AB4AD32A95D73C00E1B514 /* SnapKit */ = {
			isa = XCSwiftPackageProductDependency;
			package = 10AB4AD22A95D73C00E1B514 /* XCRemoteSwiftPackageReference "SnapKit" */;
			productName = SnapKit;
		};
		10E7BCF12A8E276E00A20A93 /* Alamofire */ = {
			isa = XCSwiftPackageProductDependency;
			package = 10E7BCF02A8E276E00A20A93 /* XCRemoteSwiftPackageReference "Alamofire" */;
			productName = Alamofire;
		};
		10E7BCF42A8E277B00A20A93 /* Kingfisher */ = {
			isa = XCSwiftPackageProductDependency;
			package = 10E7BCF32A8E277B00A20A93 /* XCRemoteSwiftPackageReference "Kingfisher" */;
			productName = Kingfisher;
		};
/* End XCSwiftPackageProductDependency section */
	};
	rootObject = 10E7BCC72A8E262200A20A93 /* Project object */;
}
