// !$*UTF8*$!
{
	archiveVersion = 1;
	classes = {
	};
	objectVersion = 56;
	objects = {

/* Begin PBXBuildFile section */
		103EB6152A8E2E0F00FF47FB /* ReusableViewProtocol.swift in Sources */ = {isa = PBXBuildFile; fileRef = 103EB6142A8E2E0F00FF47FB /* ReusableViewProtocol.swift */; };
		103EB6172A8E325B00FF47FB /* UIView+.swift in Sources */ = {isa = PBXBuildFile; fileRef = 103EB6162A8E325B00FF47FB /* UIView+.swift */; };
		103EB61C2A8E3D2500FF47FB /* TrendManager.swift in Sources */ = {isa = PBXBuildFile; fileRef = 103EB61B2A8E3D2500FF47FB /* TrendManager.swift */; };
		103EB61E2A8E3E1900FF47FB /* Trend.swift in Sources */ = {isa = PBXBuildFile; fileRef = 103EB61D2A8E3E1900FF47FB /* Trend.swift */; };
		103EB6222A8E4D9700FF47FB /* OverViewTableViewCell.swift in Sources */ = {isa = PBXBuildFile; fileRef = 103EB6202A8E4D9700FF47FB /* OverViewTableViewCell.swift */; };
		103EB6232A8E4D9700FF47FB /* OverViewTableViewCell.xib in Resources */ = {isa = PBXBuildFile; fileRef = 103EB6212A8E4D9700FF47FB /* OverViewTableViewCell.xib */; };
		103EB6262A8E4DA300FF47FB /* CastTableViewCell.swift in Sources */ = {isa = PBXBuildFile; fileRef = 103EB6242A8E4DA300FF47FB /* CastTableViewCell.swift */; };
		103EB6272A8E4DA300FF47FB /* CastTableViewCell.xib in Resources */ = {isa = PBXBuildFile; fileRef = 103EB6252A8E4DA300FF47FB /* CastTableViewCell.xib */; };
		10E7BCD32A8E262200A20A93 /* AppDelegate.swift in Sources */ = {isa = PBXBuildFile; fileRef = 10E7BCD22A8E262200A20A93 /* AppDelegate.swift */; };
		10E7BCD52A8E262200A20A93 /* SceneDelegate.swift in Sources */ = {isa = PBXBuildFile; fileRef = 10E7BCD42A8E262200A20A93 /* SceneDelegate.swift */; };
		10E7BCD72A8E262200A20A93 /* ViewController.swift in Sources */ = {isa = PBXBuildFile; fileRef = 10E7BCD62A8E262200A20A93 /* ViewController.swift */; };
		10E7BCDA2A8E262200A20A93 /* Main.storyboard in Resources */ = {isa = PBXBuildFile; fileRef = 10E7BCD82A8E262200A20A93 /* Main.storyboard */; };
		10E7BCDC2A8E262300A20A93 /* Assets.xcassets in Resources */ = {isa = PBXBuildFile; fileRef = 10E7BCDB2A8E262300A20A93 /* Assets.xcassets */; };
		10E7BCDF2A8E262300A20A93 /* LaunchScreen.storyboard in Resources */ = {isa = PBXBuildFile; fileRef = 10E7BCDD2A8E262300A20A93 /* LaunchScreen.storyboard */; };
		10E7BCE92A8E266A00A20A93 /* TrendViewController.storyboard in Resources */ = {isa = PBXBuildFile; fileRef = 10E7BCE82A8E266A00A20A93 /* TrendViewController.storyboard */; };
		10E7BCEB2A8E267400A20A93 /* TrendViewController.swift in Sources */ = {isa = PBXBuildFile; fileRef = 10E7BCEA2A8E267400A20A93 /* TrendViewController.swift */; };
		10E7BCED2A8E267E00A20A93 /* CreditViewController.swift in Sources */ = {isa = PBXBuildFile; fileRef = 10E7BCEC2A8E267E00A20A93 /* CreditViewController.swift */; };
		10E7BCEF2A8E268500A20A93 /* CreditViewController.storyboard in Resources */ = {isa = PBXBuildFile; fileRef = 10E7BCEE2A8E268500A20A93 /* CreditViewController.storyboard */; };
		10E7BCF22A8E276E00A20A93 /* Alamofire in Frameworks */ = {isa = PBXBuildFile; productRef = 10E7BCF12A8E276E00A20A93 /* Alamofire */; };
		10E7BCF52A8E277B00A20A93 /* Kingfisher in Frameworks */ = {isa = PBXBuildFile; productRef = 10E7BCF42A8E277B00A20A93 /* Kingfisher */; };
		10E7BCFB2A8E283C00A20A93 /* TrendTableViewCell.swift in Sources */ = {isa = PBXBuildFile; fileRef = 10E7BCF92A8E283C00A20A93 /* TrendTableViewCell.swift */; };
		10E7BCFC2A8E283C00A20A93 /* TrendTableViewCell.xib in Resources */ = {isa = PBXBuildFile; fileRef = 10E7BCFA2A8E283C00A20A93 /* TrendTableViewCell.xib */; };
/* End PBXBuildFile section */

/* Begin PBXFileReference section */
		103EB6142A8E2E0F00FF47FB /* ReusableViewProtocol.swift */ = {isa = PBXFileReference; lastKnownFileType = sourcecode.swift; path = ReusableViewProtocol.swift; sourceTree = "<group>"; };
		103EB6162A8E325B00FF47FB /* UIView+.swift */ = {isa = PBXFileReference; lastKnownFileType = sourcecode.swift; path = "UIView+.swift"; sourceTree = "<group>"; };
		103EB61B2A8E3D2500FF47FB /* TrendManager.swift */ = {isa = PBXFileReference; lastKnownFileType = sourcecode.swift; path = TrendManager.swift; sourceTree = "<group>"; };
		103EB61D2A8E3E1900FF47FB /* Trend.swift */ = {isa = PBXFileReference; lastKnownFileType = sourcecode.swift; path = Trend.swift; sourceTree = "<group>"; };
		103EB6202A8E4D9700FF47FB /* OverViewTableViewCell.swift */ = {isa = PBXFileReference; lastKnownFileType = sourcecode.swift; path = OverViewTableViewCell.swift; sourceTree = "<group>"; };
		103EB6212A8E4D9700FF47FB /* OverViewTableViewCell.xib */ = {isa = PBXFileReference; lastKnownFileType = file.xib; path = OverViewTableViewCell.xib; sourceTree = "<group>"; };
		103EB6242A8E4DA300FF47FB /* CastTableViewCell.swift */ = {isa = PBXFileReference; lastKnownFileType = sourcecode.swift; path = CastTableViewCell.swift; sourceTree = "<group>"; };
		103EB6252A8E4DA300FF47FB /* CastTableViewCell.xib */ = {isa = PBXFileReference; lastKnownFileType = file.xib; path = CastTableViewCell.xib; sourceTree = "<group>"; };
		10E7BCCF2A8E262200A20A93 /* TMDB.app */ = {isa = PBXFileReference; explicitFileType = wrapper.application; includeInIndex = 0; path = TMDB.app; sourceTree = BUILT_PRODUCTS_DIR; };
		10E7BCD22A8E262200A20A93 /* AppDelegate.swift */ = {isa = PBXFileReference; lastKnownFileType = sourcecode.swift; path = AppDelegate.swift; sourceTree = "<group>"; };
		10E7BCD42A8E262200A20A93 /* SceneDelegate.swift */ = {isa = PBXFileReference; lastKnownFileType = sourcecode.swift; path = SceneDelegate.swift; sourceTree = "<group>"; };
		10E7BCD62A8E262200A20A93 /* ViewController.swift */ = {isa = PBXFileReference; lastKnownFileType = sourcecode.swift; path = ViewController.swift; sourceTree = "<group>"; };
		10E7BCD92A8E262200A20A93 /* Base */ = {isa = PBXFileReference; lastKnownFileType = file.storyboard; name = Base; path = Base.lproj/Main.storyboard; sourceTree = "<group>"; };
		10E7BCDB2A8E262300A20A93 /* Assets.xcassets */ = {isa = PBXFileReference; lastKnownFileType = folder.assetcatalog; path = Assets.xcassets; sourceTree = "<group>"; };
		10E7BCDE2A8E262300A20A93 /* Base */ = {isa = PBXFileReference; lastKnownFileType = file.storyboard; name = Base; path = Base.lproj/LaunchScreen.storyboard; sourceTree = "<group>"; };
		10E7BCE02A8E262300A20A93 /* Info.plist */ = {isa = PBXFileReference; lastKnownFileType = text.plist.xml; path = Info.plist; sourceTree = "<group>"; };
		10E7BCE82A8E266A00A20A93 /* TrendViewController.storyboard */ = {isa = PBXFileReference; lastKnownFileType = file.storyboard; path = TrendViewController.storyboard; sourceTree = "<group>"; };
		10E7BCEA2A8E267400A20A93 /* TrendViewController.swift */ = {isa = PBXFileReference; lastKnownFileType = sourcecode.swift; path = TrendViewController.swift; sourceTree = "<group>"; };
		10E7BCEC2A8E267E00A20A93 /* CreditViewController.swift */ = {isa = PBXFileReference; lastKnownFileType = sourcecode.swift; path = CreditViewController.swift; sourceTree = "<group>"; };
		10E7BCEE2A8E268500A20A93 /* CreditViewController.storyboard */ = {isa = PBXFileReference; lastKnownFileType = file.storyboard; path = CreditViewController.storyboard; sourceTree = "<group>"; };
		10E7BCF92A8E283C00A20A93 /* TrendTableViewCell.swift */ = {isa = PBXFileReference; lastKnownFileType = sourcecode.swift; path = TrendTableViewCell.swift; sourceTree = "<group>"; };
		10E7BCFA2A8E283C00A20A93 /* TrendTableViewCell.xib */ = {isa = PBXFileReference; lastKnownFileType = file.xib; path = TrendTableViewCell.xib; sourceTree = "<group>"; };
/* End PBXFileReference section */

/* Begin PBXFrameworksBuildPhase section */
		10E7BCCC2A8E262200A20A93 /* Frameworks */ = {
			isa = PBXFrameworksBuildPhase;
			buildActionMask = 2147483647;
			files = (
				10E7BCF52A8E277B00A20A93 /* Kingfisher in Frameworks */,
				10E7BCF22A8E276E00A20A93 /* Alamofire in Frameworks */,
			);
			runOnlyForDeploymentPostprocessing = 0;
		};
/* End PBXFrameworksBuildPhase section */

/* Begin PBXGroup section */
		103EB6132A8E2DD700FF47FB /* Extension */ = {
			isa = PBXGroup;
			children = (
				103EB6142A8E2E0F00FF47FB /* ReusableViewProtocol.swift */,
				103EB6162A8E325B00FF47FB /* UIView+.swift */,
			);
			path = Extension;
			sourceTree = "<group>";
		};
		103EB6192A8E378600FF47FB /* Data */ = {
			isa = PBXGroup;
			children = (
				103EB61A2A8E3D1700FF47FB /* APIServices */,
				103EB61D2A8E3E1900FF47FB /* Trend.swift */,
			);
			path = Data;
			sourceTree = "<group>";
		};
		103EB61A2A8E3D1700FF47FB /* APIServices */ = {
			isa = PBXGroup;
			children = (
				103EB61B2A8E3D2500FF47FB /* TrendManager.swift */,
			);
			path = APIServices;
			sourceTree = "<group>";
		};
		103EB61F2A8E4D6500FF47FB /* Credit */ = {
			isa = PBXGroup;
			children = (
				103EB6202A8E4D9700FF47FB /* OverViewTableViewCell.swift */,
				103EB6212A8E4D9700FF47FB /* OverViewTableViewCell.xib */,
				103EB6242A8E4DA300FF47FB /* CastTableViewCell.swift */,
				103EB6252A8E4DA300FF47FB /* CastTableViewCell.xib */,
			);
			path = Credit;
			sourceTree = "<group>";
		};
		10E7BCC62A8E262200A20A93 = {
			isa = PBXGroup;
			children = (
				10E7BCD12A8E262200A20A93 /* TMDB */,
				10E7BCD02A8E262200A20A93 /* Products */,
			);
			sourceTree = "<group>";
		};
		10E7BCD02A8E262200A20A93 /* Products */ = {
			isa = PBXGroup;
			children = (
				10E7BCCF2A8E262200A20A93 /* TMDB.app */,
			);
			name = Products;
			sourceTree = "<group>";
		};
		10E7BCD12A8E262200A20A93 /* TMDB */ = {
			isa = PBXGroup;
			children = (
				103EB6192A8E378600FF47FB /* Data */,
				103EB6132A8E2DD700FF47FB /* Extension */,
				10E7BCF62A8E280800A20A93 /* Component */,
				10E7BCE72A8E265900A20A93 /* Credit */,
				10E7BCE62A8E265600A20A93 /* Trend */,
				10E7BCD22A8E262200A20A93 /* AppDelegate.swift */,
				10E7BCD42A8E262200A20A93 /* SceneDelegate.swift */,
				10E7BCD62A8E262200A20A93 /* ViewController.swift */,
				10E7BCD82A8E262200A20A93 /* Main.storyboard */,
				10E7BCDB2A8E262300A20A93 /* Assets.xcassets */,
				10E7BCDD2A8E262300A20A93 /* LaunchScreen.storyboard */,
				10E7BCE02A8E262300A20A93 /* Info.plist */,
			);
			path = TMDB;
			sourceTree = "<group>";
		};
		10E7BCE62A8E265600A20A93 /* Trend */ = {
			isa = PBXGroup;
			children = (
				10E7BCE82A8E266A00A20A93 /* TrendViewController.storyboard */,
				10E7BCEA2A8E267400A20A93 /* TrendViewController.swift */,
			);
			path = Trend;
			sourceTree = "<group>";
		};
		10E7BCE72A8E265900A20A93 /* Credit */ = {
			isa = PBXGroup;
			children = (
				10E7BCEC2A8E267E00A20A93 /* CreditViewController.swift */,
				10E7BCEE2A8E268500A20A93 /* CreditViewController.storyboard */,
			);
			path = Credit;
			sourceTree = "<group>";
		};
		10E7BCF62A8E280800A20A93 /* Component */ = {
			isa = PBXGroup;
			children = (
				103EB61F2A8E4D6500FF47FB /* Credit */,
				10E7BCF92A8E283C00A20A93 /* TrendTableViewCell.swift */,
				10E7BCFA2A8E283C00A20A93 /* TrendTableViewCell.xib */,
			);
			path = Component;
			sourceTree = "<group>";
		};
/* End PBXGroup section */

/* Begin PBXNativeTarget section */
		10E7BCCE2A8E262200A20A93 /* TMDB */ = {
			isa = PBXNativeTarget;
			buildConfigurationList = 10E7BCE32A8E262300A20A93 /* Build configuration list for PBXNativeTarget "TMDB" */;
			buildPhases = (
				10E7BCCB2A8E262200A20A93 /* Sources */,
				10E7BCCC2A8E262200A20A93 /* Frameworks */,
				10E7BCCD2A8E262200A20A93 /* Resources */,
			);
			buildRules = (
			);
			dependencies = (
			);
			name = TMDB;
			packageProductDependencies = (
				10E7BCF12A8E276E00A20A93 /* Alamofire */,
				10E7BCF42A8E277B00A20A93 /* Kingfisher */,
			);
			productName = TMDB;
			productReference = 10E7BCCF2A8E262200A20A93 /* TMDB.app */;
			productType = "com.apple.product-type.application";
		};
/* End PBXNativeTarget section */

/* Begin PBXProject section */
		10E7BCC72A8E262200A20A93 /* Project object */ = {
			isa = PBXProject;
			attributes = {
				BuildIndependentTargetsInParallel = 1;
				LastSwiftUpdateCheck = 1430;
				LastUpgradeCheck = 1430;
				TargetAttributes = {
					10E7BCCE2A8E262200A20A93 = {
						CreatedOnToolsVersion = 14.3;
					};
				};
			};
			buildConfigurationList = 10E7BCCA2A8E262200A20A93 /* Build configuration list for PBXProject "TMDB" */;
			compatibilityVersion = "Xcode 14.0";
			developmentRegion = en;
			hasScannedForEncodings = 0;
			knownRegions = (
				en,
				Base,
			);
			mainGroup = 10E7BCC62A8E262200A20A93;
			packageReferences = (
				10E7BCF02A8E276E00A20A93 /* XCRemoteSwiftPackageReference "Alamofire" */,
				10E7BCF32A8E277B00A20A93 /* XCRemoteSwiftPackageReference "Kingfisher" */,
			);
			productRefGroup = 10E7BCD02A8E262200A20A93 /* Products */;
			projectDirPath = "";
			projectRoot = "";
			targets = (
				10E7BCCE2A8E262200A20A93 /* TMDB */,
			);
		};
/* End PBXProject section */

/* Begin PBXResourcesBuildPhase section */
		10E7BCCD2A8E262200A20A93 /* Resources */ = {
			isa = PBXResourcesBuildPhase;
			buildActionMask = 2147483647;
			files = (
				103EB6232A8E4D9700FF47FB /* OverViewTableViewCell.xib in Resources */,
				10E7BCEF2A8E268500A20A93 /* CreditViewController.storyboard in Resources */,
				10E7BCDF2A8E262300A20A93 /* LaunchScreen.storyboard in Resources */,
				10E7BCE92A8E266A00A20A93 /* TrendViewController.storyboard in Resources */,
				103EB6272A8E4DA300FF47FB /* CastTableViewCell.xib in Resources */,
				10E7BCFC2A8E283C00A20A93 /* TrendTableViewCell.xib in Resources */,
				10E7BCDC2A8E262300A20A93 /* Assets.xcassets in Resources */,
				10E7BCDA2A8E262200A20A93 /* Main.storyboard in Resources */,
			);
			runOnlyForDeploymentPostprocessing = 0;
		};
/* End PBXResourcesBuildPhase section */

/* Begin PBXSourcesBuildPhase section */
		10E7BCCB2A8E262200A20A93 /* Sources */ = {
			isa = PBXSourcesBuildPhase;
			buildActionMask = 2147483647;
			files = (
				10E7BCEB2A8E267400A20A93 /* TrendViewController.swift in Sources */,
				10E7BCD72A8E262200A20A93 /* ViewController.swift in Sources */,
				10E7BCED2A8E267E00A20A93 /* CreditViewController.swift in Sources */,
				10E7BCD32A8E262200A20A93 /* AppDelegate.swift in Sources */,
				103EB6172A8E325B00FF47FB /* UIView+.swift in Sources */,
				103EB6152A8E2E0F00FF47FB /* ReusableViewProtocol.swift in Sources */,
				103EB61C2A8E3D2500FF47FB /* TrendManager.swift in Sources */,
				103EB61E2A8E3E1900FF47FB /* Trend.swift in Sources */,
				103EB6262A8E4DA300FF47FB /* CastTableViewCell.swift in Sources */,
				10E7BCD52A8E262200A20A93 /* SceneDelegate.swift in Sources */,
				10E7BCFB2A8E283C00A20A93 /* TrendTableViewCell.swift in Sources */,
				103EB6222A8E4D9700FF47FB /* OverViewTableViewCell.swift in Sources */,
			);
			runOnlyForDeploymentPostprocessing = 0;
		};
/* End PBXSourcesBuildPhase section */

/* Begin PBXVariantGroup section */
		10E7BCD82A8E262200A20A93 /* Main.storyboard */ = {
			isa = PBXVariantGroup;
			children = (
				10E7BCD92A8E262200A20A93 /* Base */,
			);
			name = Main.storyboard;
			sourceTree = "<group>";
		};
		10E7BCDD2A8E262300A20A93 /* LaunchScreen.storyboard */ = {
			isa = PBXVariantGroup;
			children = (
				10E7BCDE2A8E262300A20A93 /* Base */,
			);
			name = LaunchScreen.storyboard;
			sourceTree = "<group>";
		};
/* End PBXVariantGroup section */

/* Begin XCBuildConfiguration section */
		10E7BCE12A8E262300A20A93 /* Debug */ = {
			isa = XCBuildConfiguration;
			buildSettings = {
				ALWAYS_SEARCH_USER_PATHS = NO;
				CLANG_ANALYZER_NONNULL = YES;
				CLANG_ANALYZER_NUMBER_OBJECT_CONVERSION = YES_AGGRESSIVE;
				CLANG_CXX_LANGUAGE_STANDARD = "gnu++20";
				CLANG_ENABLE_MODULES = YES;
				CLANG_ENABLE_OBJC_ARC = YES;
				CLANG_ENABLE_OBJC_WEAK = YES;
				CLANG_WARN_BLOCK_CAPTURE_AUTORELEASING = YES;
				CLANG_WARN_BOOL_CONVERSION = YES;
				CLANG_WARN_COMMA = YES;
				CLANG_WARN_CONSTANT_CONVERSION = YES;
				CLANG_WARN_DEPRECATED_OBJC_IMPLEMENTATIONS = YES;
				CLANG_WARN_DIRECT_OBJC_ISA_USAGE = YES_ERROR;
				CLANG_WARN_DOCUMENTATION_COMMENTS = YES;
				CLANG_WARN_EMPTY_BODY = YES;
				CLANG_WARN_ENUM_CONVERSION = YES;
				CLANG_WARN_INFINITE_RECURSION = YES;
				CLANG_WARN_INT_CONVERSION = YES;
				CLANG_WARN_NON_LITERAL_NULL_CONVERSION = YES;
				CLANG_WARN_OBJC_IMPLICIT_RETAIN_SELF = YES;
				CLANG_WARN_OBJC_LITERAL_CONVERSION = YES;
				CLANG_WARN_OBJC_ROOT_CLASS = YES_ERROR;
				CLANG_WARN_QUOTED_INCLUDE_IN_FRAMEWORK_HEADER = YES;
				CLANG_WARN_RANGE_LOOP_ANALYSIS = YES;
				CLANG_WARN_STRICT_PROTOTYPES = YES;
				CLANG_WARN_SUSPICIOUS_MOVE = YES;
				CLANG_WARN_UNGUARDED_AVAILABILITY = YES_AGGRESSIVE;
				CLANG_WARN_UNREACHABLE_CODE = YES;
				CLANG_WARN__DUPLICATE_METHOD_MATCH = YES;
				COPY_PHASE_STRIP = NO;
				DEBUG_INFORMATION_FORMAT = dwarf;
				ENABLE_STRICT_OBJC_MSGSEND = YES;
				ENABLE_TESTABILITY = YES;
				GCC_C_LANGUAGE_STANDARD = gnu11;
				GCC_DYNAMIC_NO_PIC = NO;
				GCC_NO_COMMON_BLOCKS = YES;
				GCC_OPTIMIZATION_LEVEL = 0;
				GCC_PREPROCESSOR_DEFINITIONS = (
					"DEBUG=1",
					"$(inherited)",
				);
				GCC_WARN_64_TO_32_BIT_CONVERSION = YES;
				GCC_WARN_ABOUT_RETURN_TYPE = YES_ERROR;
				GCC_WARN_UNDECLARED_SELECTOR = YES;
				GCC_WARN_UNINITIALIZED_AUTOS = YES_AGGRESSIVE;
				GCC_WARN_UNUSED_FUNCTION = YES;
				GCC_WARN_UNUSED_VARIABLE = YES;
				IPHONEOS_DEPLOYMENT_TARGET = 16.4;
				MTL_ENABLE_DEBUG_INFO = INCLUDE_SOURCE;
				MTL_FAST_MATH = YES;
				ONLY_ACTIVE_ARCH = YES;
				SDKROOT = iphoneos;
				SWIFT_ACTIVE_COMPILATION_CONDITIONS = DEBUG;
				SWIFT_OPTIMIZATION_LEVEL = "-Onone";
			};
			name = Debug;
		};
		10E7BCE22A8E262300A20A93 /* Release */ = {
			isa = XCBuildConfiguration;
			buildSettings = {
				ALWAYS_SEARCH_USER_PATHS = NO;
				CLANG_ANALYZER_NONNULL = YES;
				CLANG_ANALYZER_NUMBER_OBJECT_CONVERSION = YES_AGGRESSIVE;
				CLANG_CXX_LANGUAGE_STANDARD = "gnu++20";
				CLANG_ENABLE_MODULES = YES;
				CLANG_ENABLE_OBJC_ARC = YES;
				CLANG_ENABLE_OBJC_WEAK = YES;
				CLANG_WARN_BLOCK_CAPTURE_AUTORELEASING = YES;
				CLANG_WARN_BOOL_CONVERSION = YES;
				CLANG_WARN_COMMA = YES;
				CLANG_WARN_CONSTANT_CONVERSION = YES;
				CLANG_WARN_DEPRECATED_OBJC_IMPLEMENTATIONS = YES;
				CLANG_WARN_DIRECT_OBJC_ISA_USAGE = YES_ERROR;
				CLANG_WARN_DOCUMENTATION_COMMENTS = YES;
				CLANG_WARN_EMPTY_BODY = YES;
				CLANG_WARN_ENUM_CONVERSION = YES;
				CLANG_WARN_INFINITE_RECURSION = YES;
				CLANG_WARN_INT_CONVERSION = YES;
				CLANG_WARN_NON_LITERAL_NULL_CONVERSION = YES;
				CLANG_WARN_OBJC_IMPLICIT_RETAIN_SELF = YES;
				CLANG_WARN_OBJC_LITERAL_CONVERSION = YES;
				CLANG_WARN_OBJC_ROOT_CLASS = YES_ERROR;
				CLANG_WARN_QUOTED_INCLUDE_IN_FRAMEWORK_HEADER = YES;
				CLANG_WARN_RANGE_LOOP_ANALYSIS = YES;
				CLANG_WARN_STRICT_PROTOTYPES = YES;
				CLANG_WARN_SUSPICIOUS_MOVE = YES;
				CLANG_WARN_UNGUARDED_AVAILABILITY = YES_AGGRESSIVE;
				CLANG_WARN_UNREACHABLE_CODE = YES;
				CLANG_WARN__DUPLICATE_METHOD_MATCH = YES;
				COPY_PHASE_STRIP = NO;
				DEBUG_INFORMATION_FORMAT = "dwarf-with-dsym";
				ENABLE_NS_ASSERTIONS = NO;
				ENABLE_STRICT_OBJC_MSGSEND = YES;
				GCC_C_LANGUAGE_STANDARD = gnu11;
				GCC_NO_COMMON_BLOCKS = YES;
				GCC_WARN_64_TO_32_BIT_CONVERSION = YES;
				GCC_WARN_ABOUT_RETURN_TYPE = YES_ERROR;
				GCC_WARN_UNDECLARED_SELECTOR = YES;
				GCC_WARN_UNINITIALIZED_AUTOS = YES_AGGRESSIVE;
				GCC_WARN_UNUSED_FUNCTION = YES;
				GCC_WARN_UNUSED_VARIABLE = YES;
				IPHONEOS_DEPLOYMENT_TARGET = 16.4;
				MTL_ENABLE_DEBUG_INFO = NO;
				MTL_FAST_MATH = YES;
				SDKROOT = iphoneos;
				SWIFT_COMPILATION_MODE = wholemodule;
				SWIFT_OPTIMIZATION_LEVEL = "-O";
				VALIDATE_PRODUCT = YES;
			};
			name = Release;
		};
		10E7BCE42A8E262300A20A93 /* Debug */ = {
			isa = XCBuildConfiguration;
			buildSettings = {
				ASSETCATALOG_COMPILER_APPICON_NAME = AppIcon;
				ASSETCATALOG_COMPILER_GLOBAL_ACCENT_COLOR_NAME = AccentColor;
				CODE_SIGN_STYLE = Automatic;
				CURRENT_PROJECT_VERSION = 1;
				DEVELOPMENT_TEAM = 6UJYJPDXP4;
				GENERATE_INFOPLIST_FILE = YES;
				INFOPLIST_FILE = TMDB/Info.plist;
				INFOPLIST_KEY_UIApplicationSupportsIndirectInputEvents = YES;
				INFOPLIST_KEY_UILaunchStoryboardName = LaunchScreen;
				INFOPLIST_KEY_UIMainStoryboardFile = Main;
				INFOPLIST_KEY_UISupportedInterfaceOrientations_iPad = "UIInterfaceOrientationPortrait UIInterfaceOrientationPortraitUpsideDown UIInterfaceOrientationLandscapeLeft UIInterfaceOrientationLandscapeRight";
				INFOPLIST_KEY_UISupportedInterfaceOrientations_iPhone = "UIInterfaceOrientationPortrait UIInterfaceOrientationLandscapeLeft UIInterfaceOrientationLandscapeRight";
				LD_RUNPATH_SEARCH_PATHS = (
					"$(inherited)",
					"@executable_path/Frameworks",
				);
				MARKETING_VERSION = 1.0;
				PRODUCT_BUNDLE_IDENTIFIER = com.sesac.TMDB;
				PRODUCT_NAME = "$(TARGET_NAME)";
				SWIFT_EMIT_LOC_STRINGS = YES;
				SWIFT_VERSION = 5.0;
				TARGETED_DEVICE_FAMILY = "1,2";
			};
			name = Debug;
		};
		10E7BCE52A8E262300A20A93 /* Release */ = {
			isa = XCBuildConfiguration;
			buildSettings = {
				ASSETCATALOG_COMPILER_APPICON_NAME = AppIcon;
				ASSETCATALOG_COMPILER_GLOBAL_ACCENT_COLOR_NAME = AccentColor;
				CODE_SIGN_STYLE = Automatic;
				CURRENT_PROJECT_VERSION = 1;
				DEVELOPMENT_TEAM = 6UJYJPDXP4;
				GENERATE_INFOPLIST_FILE = YES;
				INFOPLIST_FILE = TMDB/Info.plist;
				INFOPLIST_KEY_UIApplicationSupportsIndirectInputEvents = YES;
				INFOPLIST_KEY_UILaunchStoryboardName = LaunchScreen;
				INFOPLIST_KEY_UIMainStoryboardFile = Main;
				INFOPLIST_KEY_UISupportedInterfaceOrientations_iPad = "UIInterfaceOrientationPortrait UIInterfaceOrientationPortraitUpsideDown UIInterfaceOrientationLandscapeLeft UIInterfaceOrientationLandscapeRight";
				INFOPLIST_KEY_UISupportedInterfaceOrientations_iPhone = "UIInterfaceOrientationPortrait UIInterfaceOrientationLandscapeLeft UIInterfaceOrientationLandscapeRight";
				LD_RUNPATH_SEARCH_PATHS = (
					"$(inherited)",
					"@executable_path/Frameworks",
				);
				MARKETING_VERSION = 1.0;
				PRODUCT_BUNDLE_IDENTIFIER = com.sesac.TMDB;
				PRODUCT_NAME = "$(TARGET_NAME)";
				SWIFT_EMIT_LOC_STRINGS = YES;
				SWIFT_VERSION = 5.0;
				TARGETED_DEVICE_FAMILY = "1,2";
			};
			name = Release;
		};
/* End XCBuildConfiguration section */

/* Begin XCConfigurationList section */
		10E7BCCA2A8E262200A20A93 /* Build configuration list for PBXProject "TMDB" */ = {
			isa = XCConfigurationList;
			buildConfigurations = (
				10E7BCE12A8E262300A20A93 /* Debug */,
				10E7BCE22A8E262300A20A93 /* Release */,
			);
			defaultConfigurationIsVisible = 0;
			defaultConfigurationName = Release;
		};
		10E7BCE32A8E262300A20A93 /* Build configuration list for PBXNativeTarget "TMDB" */ = {
			isa = XCConfigurationList;
			buildConfigurations = (
				10E7BCE42A8E262300A20A93 /* Debug */,
				10E7BCE52A8E262300A20A93 /* Release */,
			);
			defaultConfigurationIsVisible = 0;
			defaultConfigurationName = Release;
		};
/* End XCConfigurationList section */

/* Begin XCRemoteSwiftPackageReference section */
		10E7BCF02A8E276E00A20A93 /* XCRemoteSwiftPackageReference "Alamofire" */ = {
			isa = XCRemoteSwiftPackageReference;
			repositoryURL = "https://github.com/Alamofire/Alamofire";
			requirement = {
				kind = upToNextMajorVersion;
				minimumVersion = 5.0.0;
			};
		};
		10E7BCF32A8E277B00A20A93 /* XCRemoteSwiftPackageReference "Kingfisher" */ = {
			isa = XCRemoteSwiftPackageReference;
			repositoryURL = "https://github.com/onevcat/Kingfisher";
			requirement = {
				kind = upToNextMajorVersion;
				minimumVersion = 7.0.0;
			};
		};
/* End XCRemoteSwiftPackageReference section */

/* Begin XCSwiftPackageProductDependency section */
		10E7BCF12A8E276E00A20A93 /* Alamofire */ = {
			isa = XCSwiftPackageProductDependency;
			package = 10E7BCF02A8E276E00A20A93 /* XCRemoteSwiftPackageReference "Alamofire" */;
			productName = Alamofire;
		};
		10E7BCF42A8E277B00A20A93 /* Kingfisher */ = {
			isa = XCSwiftPackageProductDependency;
			package = 10E7BCF32A8E277B00A20A93 /* XCRemoteSwiftPackageReference "Kingfisher" */;
			productName = Kingfisher;
		};
/* End XCSwiftPackageProductDependency section */
	};
	rootObject = 10E7BCC72A8E262200A20A93 /* Project object */;
}
